PODS:
  - Alamofire (4.6.0)
  - Crashlytics (3.10.1):
    - Fabric (~> 1.7.5)
  - Fabric (1.7.5)
  - Neutron (0.4.0):
    - Alamofire
    - PromiseKit/Alamofire
    - SwiftyJSON
  - Presentr (1.3)
  - PromiseKit/Alamofire (6.2.0):
    - Alamofire (~> 4.0)
    - PromiseKit/CorePromise
  - PromiseKit/CorePromise (6.2.0)
  - SnapKit (4.0.0)
  - Socket.IO-Client-Swift (13.1.1):
    - Starscream (~> 3.0.2)
  - Starscream (3.0.4)
  - SwiftLint (0.25.0)
  - SwiftyJSON (4.0.0)

DEPENDENCIES:
  - Alamofire
  - Crashlytics
  - Fabric
  - Neutron (from `https://github.com/dantheli/Neutron.git`)
  - Presentr
  - SnapKit
  - Socket.IO-Client-Swift
  - SwiftLint
  - SwiftyJSON

EXTERNAL SOURCES:
  Neutron:
    :git: https://github.com/dantheli/Neutron.git

CHECKOUT OPTIONS:
  Neutron:
    :commit: 7131748e5146c61d02effae1446ed643e351a1c5
    :git: https://github.com/dantheli/Neutron.git

SPEC CHECKSUMS:
  Alamofire: f41a599bd63041760b26d393ec1069d9d7b917f4
  Crashlytics: aee1a064cbbf99b32efa3f056a5f458d846bc8ff
  Fabric: ae7146a5f505ea370a1e44820b4b1dc8890e2890
  Neutron: d554b11bd8fe9daccb68a062c2f2fe16e0dfead6
  Presentr: 3f0825a42cb32ecd8fc6b6d0b0de87d7d0b42482
  PromiseKit: ea9a155e1fd98a926ccfaf633c0fbd69851f0e7b
  SnapKit: a42d492c16e80209130a3379f73596c3454b7694
  Socket.IO-Client-Swift: f22222913f29801e30ae0df712db663ec096edc2
  Starscream: f5da93fe6984c77b694366bf7299b7dc63a76f26
  SwiftLint: e14651157288e9e01d6e1a71db7014fb5744a8ea
  SwiftyJSON: 070dabdcb1beb81b247c65ffa3a79dbbfb3b48aa

PODFILE CHECKSUM: 5f6d870941b168a475f0efb30801cd49eb422b65

COCOAPODS: 1.3.1
