// !$*UTF8*$!
{
	archiveVersion = 1;
	classes = {
	};
	objectVersion = 48;
	objects = {

/* Begin PBXBuildFile section */
		11FD0981A0ED52D8A3A94A4B /* Pods_Clicker.framework in Frameworks */ = {isa = PBXBuildFile; fileRef = 79B86F5D454E261FC9E5FA6F /* Pods_Clicker.framework */; };
		6321B786209D42A800B3A934 /* FROptionsDropDownView.swift in Sources */ = {isa = PBXBuildFile; fileRef = 6321B785209D42A800B3A934 /* FROptionsDropDownView.swift */; };
		6333812B2086B645008BD455 /* LiveOptionCell.swift in Sources */ = {isa = PBXBuildFile; fileRef = 6333812A2086B645008BD455 /* LiveOptionCell.swift */; };
		6333812F2086C8D1008BD455 /* ClosedOptionCell.swift in Sources */ = {isa = PBXBuildFile; fileRef = 6333812E2086C8D1008BD455 /* ClosedOptionCell.swift */; };
		633381332086D07D008BD455 /* BlackAnswerController.swift in Sources */ = {isa = PBXBuildFile; fileRef = 633381322086D07D008BD455 /* BlackAnswerController.swift */; };
		633381352086D18B008BD455 /* EmptyAnswerCell.swift in Sources */ = {isa = PBXBuildFile; fileRef = 633381342086D18B008BD455 /* EmptyAnswerCell.swift */; };
		6353FD3A2086DDC900E16EB2 /* BlackAskController.swift in Sources */ = {isa = PBXBuildFile; fileRef = 6353FD392086DDC900E16EB2 /* BlackAskController.swift */; };
		636B0F15209D2DDA00769E14 /* PollTypeDropDownView.swift in Sources */ = {isa = PBXBuildFile; fileRef = 636B0F14209D2DDA00769E14 /* PollTypeDropDownView.swift */; };
		637D5B1C209A95EF00E446E8 /* ExpandedViewController.swift in Sources */ = {isa = PBXBuildFile; fileRef = 637D5B1B209A95EF00E446E8 /* ExpandedViewController.swift */; };
		637FD6932093E5FA007BADF1 /* NameView.swift in Sources */ = {isa = PBXBuildFile; fileRef = 637FD6922093E5FA007BADF1 /* NameView.swift */; };
		638406D52083CC1400483645 /* ResultCell.swift in Sources */ = {isa = PBXBuildFile; fileRef = 638406D42083CC1400483645 /* ResultCell.swift */; };
		6389C94E20858D5400F78003 /* PollPreviewCell.swift in Sources */ = {isa = PBXBuildFile; fileRef = 6389C94D20858D5400F78003 /* PollPreviewCell.swift */; };
		6389C9522085953F00F78003 /* PollsCell.swift in Sources */ = {isa = PBXBuildFile; fileRef = 6389C9512085953F00F78003 /* PollsCell.swift */; };
		639B4D562093F975009D3309 /* PickQTypeViewController.swift in Sources */ = {isa = PBXBuildFile; fileRef = 639B4D552093F975009D3309 /* PickQTypeViewController.swift */; };
		63A4A6462094D41600523AE6 /* MCPollBuilderView.swift in Sources */ = {isa = PBXBuildFile; fileRef = 63A4A6452094D41600523AE6 /* MCPollBuilderView.swift */; };
		63A4A6482094D5EF00523AE6 /* FRPollBuilderView.swift in Sources */ = {isa = PBXBuildFile; fileRef = 63A4A6472094D5EF00523AE6 /* FRPollBuilderView.swift */; };
		63A4A64B2094F26F00523AE6 /* DraftsViewController.swift in Sources */ = {isa = PBXBuildFile; fileRef = 63A4A64A2094F26F00523AE6 /* DraftsViewController.swift */; };
		63A4A64E2094FD7800523AE6 /* DraftCell.swift in Sources */ = {isa = PBXBuildFile; fileRef = 63A4A64D2094FD7800523AE6 /* DraftCell.swift */; };
		63D19CC3208D72E40041C774 /* Keys.plist in Resources */ = {isa = PBXBuildFile; fileRef = 63D19CC2208D72E40041C774 /* Keys.plist */; };
		63E4DAF82097DE94000808EB /* NavigationTitleView.swift in Sources */ = {isa = PBXBuildFile; fileRef = 63E4DAF72097DE94000808EB /* NavigationTitleView.swift */; };
		6529150A1F78124700882CBB /* ClickerTests.swift in Sources */ = {isa = PBXBuildFile; fileRef = 652915091F78124700882CBB /* ClickerTests.swift */; };
		C205588F2026591A000E9B07 /* Poll.swift in Sources */ = {isa = PBXBuildFile; fileRef = C205588E2026591A000E9B07 /* Poll.swift */; };
		C212179F20281E94007395DA /* UIFont+Shared.swift in Sources */ = {isa = PBXBuildFile; fileRef = C212179E20281E94007395DA /* UIFont+Shared.swift */; };
		C21D98812083D32000191103 /* LoginViewController.swift in Sources */ = {isa = PBXBuildFile; fileRef = C21D98802083D32000191103 /* LoginViewController.swift */; };
		C23B3D8E203B69CC006AD046 /* UIView+Shared.swift in Sources */ = {isa = PBXBuildFile; fileRef = C23B3D8D203B69CC006AD046 /* UIView+Shared.swift */; };
		C2504A57209956C600DC5EDC /* DeletePollViewController.swift in Sources */ = {isa = PBXBuildFile; fileRef = C2504A56209956C600DC5EDC /* DeletePollViewController.swift */; };
		C2504A59209963A200DC5EDC /* EditNameViewController.swift in Sources */ = {isa = PBXBuildFile; fileRef = C2504A58209963A200DC5EDC /* EditNameViewController.swift */; };
		C259603B20390F0800C8DBA3 /* CurrentState.swift in Sources */ = {isa = PBXBuildFile; fileRef = C259603A20390F0800C8DBA3 /* CurrentState.swift */; };
		C25F21E4203F75CB001F540E /* MCSectionCell.swift in Sources */ = {isa = PBXBuildFile; fileRef = C25F21E3203F75CB001F540E /* MCSectionCell.swift */; };
		C25F21E8203F76F2001F540E /* CreateMCOptionCell.swift in Sources */ = {isa = PBXBuildFile; fileRef = C25F21E7203F76F2001F540E /* CreateMCOptionCell.swift */; };
		C25F21EA203F77FA001F540E /* AnswerMCCell.swift in Sources */ = {isa = PBXBuildFile; fileRef = C25F21E9203F77FA001F540E /* AnswerMCCell.swift */; };
		C270524C209D51A600C7980F /* BlackAskController+Extension.swift in Sources */ = {isa = PBXBuildFile; fileRef = C270524B209D51A600C7980F /* BlackAskController+Extension.swift */; };
		C270524E209D525700C7980F /* CardDateCell.swift in Sources */ = {isa = PBXBuildFile; fileRef = C270524D209D525700C7980F /* CardDateCell.swift */; };
		C275A1BE2098BE9100815951 /* EditPollViewController.swift in Sources */ = {isa = PBXBuildFile; fileRef = C275A1BD2098BE9100815951 /* EditPollViewController.swift */; };
		C27BF1001F93E7C100C51095 /* ClickerQuark.swift in Sources */ = {isa = PBXBuildFile; fileRef = C27BF0FF1F93E7C100C51095 /* ClickerQuark.swift */; };
		C28AD561205CB7D50053AD62 /* QuestionSectionCell.swift in Sources */ = {isa = PBXBuildFile; fileRef = C28AD560205CB7D50053AD62 /* QuestionSectionCell.swift */; };
		C28AD565205CD3AF0053AD62 /* ResultMCCell.swift in Sources */ = {isa = PBXBuildFile; fileRef = C28AD564205CD3AF0053AD62 /* ResultMCCell.swift */; };
		C2AC3E1C1FA7F83E00CC9D29 /* Session.swift in Sources */ = {isa = PBXBuildFile; fileRef = C2AC3E1B1FA7F83E00CC9D29 /* Session.swift */; };
		C2B3C0C8202A7153003A9D1C /* AddMoreOptionCell.swift in Sources */ = {isa = PBXBuildFile; fileRef = C2B3C0C7202A7153003A9D1C /* AddMoreOptionCell.swift */; };
		C2B91809208CE3A80030822F /* FRSectionCell.swift in Sources */ = {isa = PBXBuildFile; fileRef = C2B91808208CE3A80030822F /* FRSectionCell.swift */; };
		C2B9180B208CE3D40030822F /* ResultFRCell.swift in Sources */ = {isa = PBXBuildFile; fileRef = C2B9180A208CE3D40030822F /* ResultFRCell.swift */; };
		C2B9180D208CE7320030822F /* FeedbackViewController.swift in Sources */ = {isa = PBXBuildFile; fileRef = C2B9180C208CE7320030822F /* FeedbackViewController.swift */; };
		C2BB14B8209449390081C35D /* CardRowCell.swift in Sources */ = {isa = PBXBuildFile; fileRef = C2BB14B7209449390081C35D /* CardRowCell.swift */; };
		C2BB14BA209469CD0081C35D /* Utils.swift in Sources */ = {isa = PBXBuildFile; fileRef = C2BB14B9209469CD0081C35D /* Utils.swift */; };
		C2BB14BB2094DB1D0081C35D /* LiveOptionCell.swift in Sources */ = {isa = PBXBuildFile; fileRef = 6333812A2086B645008BD455 /* LiveOptionCell.swift */; };
		C2BB14BD2094DD400081C35D /* AskedCard.swift in Sources */ = {isa = PBXBuildFile; fileRef = C2BB14BC2094DD400081C35D /* AskedCard.swift */; };
		C2BB14C12094DE930081C35D /* AnswerCard.swift in Sources */ = {isa = PBXBuildFile; fileRef = C2BB14C02094DE930081C35D /* AnswerCard.swift */; };
		C2BB14C32094DF950081C35D /* AnswerSharedCard.swift in Sources */ = {isa = PBXBuildFile; fileRef = C2BB14C22094DF950081C35D /* AnswerSharedCard.swift */; };
		C2BF44CE2033FA140067505A /* PollQuark.swift in Sources */ = {isa = PBXBuildFile; fileRef = C2BF44CD2033FA140067505A /* PollQuark.swift */; };
		C2BF44D02033FD630067505A /* UIViewController+Shared.swift in Sources */ = {isa = PBXBuildFile; fileRef = C2BF44CF2033FD630067505A /* UIViewController+Shared.swift */; };
		C2BF982B206BE1240048468E /* OptionsView.swift in Sources */ = {isa = PBXBuildFile; fileRef = C2BF982A206BE1240048468E /* OptionsView.swift */; };
		C2CA3A28208309F800E0BDC5 /* User.swift in Sources */ = {isa = PBXBuildFile; fileRef = C2CA3A27208309F800E0BDC5 /* User.swift */; };
		C2CA3A2A20830B2300E0BDC5 /* UserQuark.swift in Sources */ = {isa = PBXBuildFile; fileRef = C2CA3A2920830B2300E0BDC5 /* UserQuark.swift */; };
		C2D0579B1F926BB4008F21CB /* Answer.swift in Sources */ = {isa = PBXBuildFile; fileRef = C2D0579A1F926BB4008F21CB /* Answer.swift */; };
		C2F48EB3208302AE0022FE6B /* Draft.swift in Sources */ = {isa = PBXBuildFile; fileRef = C2F48EB2208302AE0022FE6B /* Draft.swift */; };
		C2F48EB7208302F90022FE6B /* Socket.swift in Sources */ = {isa = PBXBuildFile; fileRef = C2F48EB6208302F90022FE6B /* Socket.swift */; };
		C2F48EB9208303020022FE6B /* SocketDelegate.swift in Sources */ = {isa = PBXBuildFile; fileRef = C2F48EB8208303020022FE6B /* SocketDelegate.swift */; };
		C2F48EBB2083045A0022FE6B /* DraftQuark.swift in Sources */ = {isa = PBXBuildFile; fileRef = C2F48EBA2083045A0022FE6B /* DraftQuark.swift */; };
		C2F48EBF208304980022FE6B /* SessionQuark.swift in Sources */ = {isa = PBXBuildFile; fileRef = C2F48EBE208304980022FE6B /* SessionQuark.swift */; };
		C2F48EC32083051A0022FE6B /* PollsViewController.swift in Sources */ = {isa = PBXBuildFile; fileRef = C2F48EC22083051A0022FE6B /* PollsViewController.swift */; };
		C2F48ECA208305C90022FE6B /* JoinViewController.swift in Sources */ = {isa = PBXBuildFile; fileRef = C2F48EC9208305C90022FE6B /* JoinViewController.swift */; };
		C72CD5281FAF6BF7004E68D9 /* UIColor+Shared.swift in Sources */ = {isa = PBXBuildFile; fileRef = C72CD5271FAF6BF7004E68D9 /* UIColor+Shared.swift */; };
		C7D6AF591F93DE4E003ABA10 /* Constants.swift in Sources */ = {isa = PBXBuildFile; fileRef = C7D6AF581F93DE4E003ABA10 /* Constants.swift */; };
		C7F923C61F73540600B1E975 /* AppDelegate.swift in Sources */ = {isa = PBXBuildFile; fileRef = C7F923C51F73540600B1E975 /* AppDelegate.swift */; };
		C7F923CD1F73540600B1E975 /* Assets.xcassets in Resources */ = {isa = PBXBuildFile; fileRef = C7F923CC1F73540600B1E975 /* Assets.xcassets */; };
		D13E908B2086BC3200856DD4 /* LaunchScreen.storyboard in Resources */ = {isa = PBXBuildFile; fileRef = C7F923CE1F73540600B1E975 /* LaunchScreen.storyboard */; };
		D13E9092208712A300856DD4 /* PollBuilderViewController.swift in Sources */ = {isa = PBXBuildFile; fileRef = D13E9091208712A300856DD4 /* PollBuilderViewController.swift */; };
/* End PBXBuildFile section */

/* Begin PBXContainerItemProxy section */
		6529150C1F78124700882CBB /* PBXContainerItemProxy */ = {
			isa = PBXContainerItemProxy;
			containerPortal = C7F923BA1F73540600B1E975 /* Project object */;
			proxyType = 1;
			remoteGlobalIDString = C7F923C11F73540600B1E975;
			remoteInfo = Clicker;
		};
/* End PBXContainerItemProxy section */

/* Begin PBXFileReference section */
		47FB2FE5662510CA62E6D122 /* Pods-Clicker.release.xcconfig */ = {isa = PBXFileReference; includeInIndex = 1; lastKnownFileType = text.xcconfig; name = "Pods-Clicker.release.xcconfig"; path = "Pods/Target Support Files/Pods-Clicker/Pods-Clicker.release.xcconfig"; sourceTree = "<group>"; };
		6321B785209D42A800B3A934 /* FROptionsDropDownView.swift */ = {isa = PBXFileReference; lastKnownFileType = sourcecode.swift; path = FROptionsDropDownView.swift; sourceTree = "<group>"; };
		6333812A2086B645008BD455 /* LiveOptionCell.swift */ = {isa = PBXFileReference; lastKnownFileType = sourcecode.swift; path = LiveOptionCell.swift; sourceTree = "<group>"; };
		6333812E2086C8D1008BD455 /* ClosedOptionCell.swift */ = {isa = PBXFileReference; lastKnownFileType = sourcecode.swift; path = ClosedOptionCell.swift; sourceTree = "<group>"; };
		633381322086D07D008BD455 /* BlackAnswerController.swift */ = {isa = PBXFileReference; lastKnownFileType = sourcecode.swift; path = BlackAnswerController.swift; sourceTree = "<group>"; };
		633381342086D18B008BD455 /* EmptyAnswerCell.swift */ = {isa = PBXFileReference; lastKnownFileType = sourcecode.swift; path = EmptyAnswerCell.swift; sourceTree = "<group>"; };
		6353FD392086DDC900E16EB2 /* BlackAskController.swift */ = {isa = PBXFileReference; fileEncoding = 4; lastKnownFileType = sourcecode.swift; path = BlackAskController.swift; sourceTree = "<group>"; };
		636B0F14209D2DDA00769E14 /* PollTypeDropDownView.swift */ = {isa = PBXFileReference; lastKnownFileType = sourcecode.swift; path = PollTypeDropDownView.swift; sourceTree = "<group>"; };
		637D5B1B209A95EF00E446E8 /* ExpandedViewController.swift */ = {isa = PBXFileReference; lastKnownFileType = sourcecode.swift; path = ExpandedViewController.swift; sourceTree = "<group>"; };
		637FD6922093E5FA007BADF1 /* NameView.swift */ = {isa = PBXFileReference; lastKnownFileType = sourcecode.swift; path = NameView.swift; sourceTree = "<group>"; };
		638406D42083CC1400483645 /* ResultCell.swift */ = {isa = PBXFileReference; lastKnownFileType = sourcecode.swift; path = ResultCell.swift; sourceTree = "<group>"; };
		6389C94D20858D5400F78003 /* PollPreviewCell.swift */ = {isa = PBXFileReference; lastKnownFileType = sourcecode.swift; path = PollPreviewCell.swift; sourceTree = "<group>"; };
		6389C9512085953F00F78003 /* PollsCell.swift */ = {isa = PBXFileReference; lastKnownFileType = sourcecode.swift; path = PollsCell.swift; sourceTree = "<group>"; };
		639B4D552093F975009D3309 /* PickQTypeViewController.swift */ = {isa = PBXFileReference; lastKnownFileType = sourcecode.swift; path = PickQTypeViewController.swift; sourceTree = "<group>"; };
		63A4A6452094D41600523AE6 /* MCPollBuilderView.swift */ = {isa = PBXFileReference; lastKnownFileType = sourcecode.swift; path = MCPollBuilderView.swift; sourceTree = "<group>"; };
		63A4A6472094D5EF00523AE6 /* FRPollBuilderView.swift */ = {isa = PBXFileReference; lastKnownFileType = sourcecode.swift; path = FRPollBuilderView.swift; sourceTree = "<group>"; };
		63A4A64A2094F26F00523AE6 /* DraftsViewController.swift */ = {isa = PBXFileReference; lastKnownFileType = sourcecode.swift; path = DraftsViewController.swift; sourceTree = "<group>"; };
		63A4A64D2094FD7800523AE6 /* DraftCell.swift */ = {isa = PBXFileReference; lastKnownFileType = sourcecode.swift; path = DraftCell.swift; sourceTree = "<group>"; };
		63D19CC2208D72E40041C774 /* Keys.plist */ = {isa = PBXFileReference; lastKnownFileType = text.plist.xml; name = Keys.plist; path = Secrets/Keys.plist; sourceTree = SOURCE_ROOT; };
		63E4DAF72097DE94000808EB /* NavigationTitleView.swift */ = {isa = PBXFileReference; lastKnownFileType = sourcecode.swift; path = NavigationTitleView.swift; sourceTree = "<group>"; };
		652915071F78124700882CBB /* ClickerTests.xctest */ = {isa = PBXFileReference; explicitFileType = wrapper.cfbundle; includeInIndex = 0; path = ClickerTests.xctest; sourceTree = BUILT_PRODUCTS_DIR; };
		652915091F78124700882CBB /* ClickerTests.swift */ = {isa = PBXFileReference; lastKnownFileType = sourcecode.swift; path = ClickerTests.swift; sourceTree = "<group>"; };
		6529150B1F78124700882CBB /* Info.plist */ = {isa = PBXFileReference; lastKnownFileType = text.plist.xml; path = Info.plist; sourceTree = "<group>"; };
		6DFC69E3243ED7F8257FA975 /* Pods-Clicker.debug dev server.xcconfig */ = {isa = PBXFileReference; includeInIndex = 1; lastKnownFileType = text.xcconfig; name = "Pods-Clicker.debug dev server.xcconfig"; path = "Pods/Target Support Files/Pods-Clicker/Pods-Clicker.debug dev server.xcconfig"; sourceTree = "<group>"; };
		79B86F5D454E261FC9E5FA6F /* Pods_Clicker.framework */ = {isa = PBXFileReference; explicitFileType = wrapper.framework; includeInIndex = 0; path = Pods_Clicker.framework; sourceTree = BUILT_PRODUCTS_DIR; };
		7EF3AAE5CB03F39BF24F467B /* Pods-Clicker.debug.xcconfig */ = {isa = PBXFileReference; includeInIndex = 1; lastKnownFileType = text.xcconfig; name = "Pods-Clicker.debug.xcconfig"; path = "Pods/Target Support Files/Pods-Clicker/Pods-Clicker.debug.xcconfig"; sourceTree = "<group>"; };
		C205588E2026591A000E9B07 /* Poll.swift */ = {isa = PBXFileReference; lastKnownFileType = sourcecode.swift; path = Poll.swift; sourceTree = "<group>"; };
		C212179E20281E94007395DA /* UIFont+Shared.swift */ = {isa = PBXFileReference; lastKnownFileType = sourcecode.swift; path = "UIFont+Shared.swift"; sourceTree = "<group>"; };
		C21D98802083D32000191103 /* LoginViewController.swift */ = {isa = PBXFileReference; lastKnownFileType = sourcecode.swift; path = LoginViewController.swift; sourceTree = "<group>"; };
		C23B3D8D203B69CC006AD046 /* UIView+Shared.swift */ = {isa = PBXFileReference; lastKnownFileType = sourcecode.swift; path = "UIView+Shared.swift"; sourceTree = "<group>"; };
		C2504A56209956C600DC5EDC /* DeletePollViewController.swift */ = {isa = PBXFileReference; lastKnownFileType = sourcecode.swift; path = DeletePollViewController.swift; sourceTree = "<group>"; };
		C2504A58209963A200DC5EDC /* EditNameViewController.swift */ = {isa = PBXFileReference; lastKnownFileType = sourcecode.swift; path = EditNameViewController.swift; sourceTree = "<group>"; };
		C259603A20390F0800C8DBA3 /* CurrentState.swift */ = {isa = PBXFileReference; lastKnownFileType = sourcecode.swift; path = CurrentState.swift; sourceTree = "<group>"; };
		C25F21E3203F75CB001F540E /* MCSectionCell.swift */ = {isa = PBXFileReference; lastKnownFileType = sourcecode.swift; path = MCSectionCell.swift; sourceTree = "<group>"; };
		C25F21E7203F76F2001F540E /* CreateMCOptionCell.swift */ = {isa = PBXFileReference; lastKnownFileType = sourcecode.swift; path = CreateMCOptionCell.swift; sourceTree = "<group>"; };
		C25F21E9203F77FA001F540E /* AnswerMCCell.swift */ = {isa = PBXFileReference; lastKnownFileType = sourcecode.swift; path = AnswerMCCell.swift; sourceTree = "<group>"; };
		C270524B209D51A600C7980F /* BlackAskController+Extension.swift */ = {isa = PBXFileReference; lastKnownFileType = sourcecode.swift; path = "BlackAskController+Extension.swift"; sourceTree = "<group>"; };
		C270524D209D525700C7980F /* CardDateCell.swift */ = {isa = PBXFileReference; lastKnownFileType = sourcecode.swift; path = CardDateCell.swift; sourceTree = "<group>"; };
		C275A1BD2098BE9100815951 /* EditPollViewController.swift */ = {isa = PBXFileReference; lastKnownFileType = sourcecode.swift; path = EditPollViewController.swift; sourceTree = "<group>"; };
		C27BF0FF1F93E7C100C51095 /* ClickerQuark.swift */ = {isa = PBXFileReference; lastKnownFileType = sourcecode.swift; path = ClickerQuark.swift; sourceTree = "<group>"; };
		C28AD560205CB7D50053AD62 /* QuestionSectionCell.swift */ = {isa = PBXFileReference; lastKnownFileType = sourcecode.swift; path = QuestionSectionCell.swift; sourceTree = "<group>"; };
		C28AD564205CD3AF0053AD62 /* ResultMCCell.swift */ = {isa = PBXFileReference; lastKnownFileType = sourcecode.swift; path = ResultMCCell.swift; sourceTree = "<group>"; };
		C2AC3E1B1FA7F83E00CC9D29 /* Session.swift */ = {isa = PBXFileReference; lastKnownFileType = sourcecode.swift; path = Session.swift; sourceTree = "<group>"; };
		C2B3C0C7202A7153003A9D1C /* AddMoreOptionCell.swift */ = {isa = PBXFileReference; lastKnownFileType = sourcecode.swift; path = AddMoreOptionCell.swift; sourceTree = "<group>"; };
		C2B91808208CE3A80030822F /* FRSectionCell.swift */ = {isa = PBXFileReference; fileEncoding = 4; lastKnownFileType = sourcecode.swift; path = FRSectionCell.swift; sourceTree = "<group>"; };
		C2B9180A208CE3D40030822F /* ResultFRCell.swift */ = {isa = PBXFileReference; fileEncoding = 4; lastKnownFileType = sourcecode.swift; path = ResultFRCell.swift; sourceTree = "<group>"; };
		C2B9180C208CE7320030822F /* FeedbackViewController.swift */ = {isa = PBXFileReference; fileEncoding = 4; lastKnownFileType = sourcecode.swift; path = FeedbackViewController.swift; sourceTree = "<group>"; };
		C2BB14B7209449390081C35D /* CardRowCell.swift */ = {isa = PBXFileReference; lastKnownFileType = sourcecode.swift; path = CardRowCell.swift; sourceTree = "<group>"; };
		C2BB14B9209469CD0081C35D /* Utils.swift */ = {isa = PBXFileReference; lastKnownFileType = sourcecode.swift; path = Utils.swift; sourceTree = "<group>"; };
		C2BB14BC2094DD400081C35D /* AskedCard.swift */ = {isa = PBXFileReference; lastKnownFileType = sourcecode.swift; path = AskedCard.swift; sourceTree = "<group>"; };
		C2BB14C02094DE930081C35D /* AnswerCard.swift */ = {isa = PBXFileReference; lastKnownFileType = sourcecode.swift; path = AnswerCard.swift; sourceTree = "<group>"; };
		C2BB14C22094DF950081C35D /* AnswerSharedCard.swift */ = {isa = PBXFileReference; lastKnownFileType = sourcecode.swift; path = AnswerSharedCard.swift; sourceTree = "<group>"; };
		C2BF44CD2033FA140067505A /* PollQuark.swift */ = {isa = PBXFileReference; lastKnownFileType = sourcecode.swift; path = PollQuark.swift; sourceTree = "<group>"; };
		C2BF44CF2033FD630067505A /* UIViewController+Shared.swift */ = {isa = PBXFileReference; lastKnownFileType = sourcecode.swift; path = "UIViewController+Shared.swift"; sourceTree = "<group>"; };
		C2BF982A206BE1240048468E /* OptionsView.swift */ = {isa = PBXFileReference; lastKnownFileType = sourcecode.swift; path = OptionsView.swift; sourceTree = "<group>"; };
		C2CA3A27208309F800E0BDC5 /* User.swift */ = {isa = PBXFileReference; lastKnownFileType = sourcecode.swift; path = User.swift; sourceTree = "<group>"; };
		C2CA3A2920830B2300E0BDC5 /* UserQuark.swift */ = {isa = PBXFileReference; lastKnownFileType = sourcecode.swift; path = UserQuark.swift; sourceTree = "<group>"; };
		C2D0579A1F926BB4008F21CB /* Answer.swift */ = {isa = PBXFileReference; lastKnownFileType = sourcecode.swift; path = Answer.swift; sourceTree = "<group>"; };
		C2F48EB2208302AE0022FE6B /* Draft.swift */ = {isa = PBXFileReference; lastKnownFileType = sourcecode.swift; path = Draft.swift; sourceTree = "<group>"; };
		C2F48EB6208302F90022FE6B /* Socket.swift */ = {isa = PBXFileReference; lastKnownFileType = sourcecode.swift; path = Socket.swift; sourceTree = "<group>"; };
		C2F48EB8208303020022FE6B /* SocketDelegate.swift */ = {isa = PBXFileReference; lastKnownFileType = sourcecode.swift; path = SocketDelegate.swift; sourceTree = "<group>"; };
		C2F48EBA2083045A0022FE6B /* DraftQuark.swift */ = {isa = PBXFileReference; lastKnownFileType = sourcecode.swift; path = DraftQuark.swift; sourceTree = "<group>"; };
		C2F48EBE208304980022FE6B /* SessionQuark.swift */ = {isa = PBXFileReference; lastKnownFileType = sourcecode.swift; path = SessionQuark.swift; sourceTree = "<group>"; };
		C2F48EC22083051A0022FE6B /* PollsViewController.swift */ = {isa = PBXFileReference; lastKnownFileType = sourcecode.swift; path = PollsViewController.swift; sourceTree = "<group>"; };
		C2F48EC9208305C90022FE6B /* JoinViewController.swift */ = {isa = PBXFileReference; lastKnownFileType = sourcecode.swift; path = JoinViewController.swift; sourceTree = "<group>"; };
		C72CD5271FAF6BF7004E68D9 /* UIColor+Shared.swift */ = {isa = PBXFileReference; lastKnownFileType = sourcecode.swift; path = "UIColor+Shared.swift"; sourceTree = "<group>"; };
		C7D6AF581F93DE4E003ABA10 /* Constants.swift */ = {isa = PBXFileReference; lastKnownFileType = sourcecode.swift; path = Constants.swift; sourceTree = "<group>"; };
		C7F923C21F73540600B1E975 /* Clicker.app */ = {isa = PBXFileReference; explicitFileType = wrapper.application; includeInIndex = 0; path = Clicker.app; sourceTree = BUILT_PRODUCTS_DIR; };
		C7F923C51F73540600B1E975 /* AppDelegate.swift */ = {isa = PBXFileReference; lastKnownFileType = sourcecode.swift; path = AppDelegate.swift; sourceTree = "<group>"; };
		C7F923CC1F73540600B1E975 /* Assets.xcassets */ = {isa = PBXFileReference; lastKnownFileType = folder.assetcatalog; name = Assets.xcassets; path = ../Assets.xcassets; sourceTree = "<group>"; };
		C7F923CF1F73540600B1E975 /* Base */ = {isa = PBXFileReference; lastKnownFileType = file.storyboard; name = Base; path = Base.lproj/LaunchScreen.storyboard; sourceTree = "<group>"; };
		C7F923D11F73540600B1E975 /* Info.plist */ = {isa = PBXFileReference; lastKnownFileType = text.plist.xml; path = Info.plist; sourceTree = "<group>"; };
		D13E9091208712A300856DD4 /* PollBuilderViewController.swift */ = {isa = PBXFileReference; lastKnownFileType = sourcecode.swift; path = PollBuilderViewController.swift; sourceTree = "<group>"; };
/* End PBXFileReference section */

/* Begin PBXFrameworksBuildPhase section */
		652915041F78124700882CBB /* Frameworks */ = {
			isa = PBXFrameworksBuildPhase;
			buildActionMask = 2147483647;
			files = (
			);
			runOnlyForDeploymentPostprocessing = 0;
		};
		C7F923BF1F73540600B1E975 /* Frameworks */ = {
			isa = PBXFrameworksBuildPhase;
			buildActionMask = 2147483647;
			files = (
				11FD0981A0ED52D8A3A94A4B /* Pods_Clicker.framework in Frameworks */,
			);
			runOnlyForDeploymentPostprocessing = 0;
		};
/* End PBXFrameworksBuildPhase section */

/* Begin PBXGroup section */
		2B4C2EA7BDB8502F608CE492 /* Frameworks */ = {
			isa = PBXGroup;
			children = (
				79B86F5D454E261FC9E5FA6F /* Pods_Clicker.framework */,
			);
			name = Frameworks;
			sourceTree = "<group>";
		};
		638406D12083CBC700483645 /* Cards */ = {
			isa = PBXGroup;
			children = (
				C2BB14B7209449390081C35D /* CardRowCell.swift */,
				C2BB14BC2094DD400081C35D /* AskedCard.swift */,
				C2BB14C02094DE930081C35D /* AnswerCard.swift */,
				C2BB14C22094DF950081C35D /* AnswerSharedCard.swift */,
				633381342086D18B008BD455 /* EmptyAnswerCell.swift */,
				638406D42083CC1400483645 /* ResultCell.swift */,
				6333812A2086B645008BD455 /* LiveOptionCell.swift */,
				6333812E2086C8D1008BD455 /* ClosedOptionCell.swift */,
				63E4DAF72097DE94000808EB /* NavigationTitleView.swift */,
				C270524D209D525700C7980F /* CardDateCell.swift */,
			);
			path = Cards;
			sourceTree = "<group>";
		};
		6389C94C20858D3300F78003 /* HomeScreen */ = {
			isa = PBXGroup;
			children = (
				C2DDE00E20869A0300A85094 /* Polls */,
			);
			path = HomeScreen;
			sourceTree = "<group>";
		};
		63A4A6492094DFD000523AE6 /* PollBuilder */ = {
			isa = PBXGroup;
			children = (
				63A4A6452094D41600523AE6 /* MCPollBuilderView.swift */,
				63A4A6472094D5EF00523AE6 /* FRPollBuilderView.swift */,
			);
			path = PollBuilder;
			sourceTree = "<group>";
		};
		63A4A64C2094FD3500523AE6 /* Drafts */ = {
			isa = PBXGroup;
			children = (
				63A4A64D2094FD7800523AE6 /* DraftCell.swift */,
			);
			path = Drafts;
			sourceTree = "<group>";
		};
		63C36F2120994148004EBB16 /* Dropdowns */ = {
			isa = PBXGroup;
			children = (
				636B0F14209D2DDA00769E14 /* PollTypeDropDownView.swift */,
				6321B785209D42A800B3A934 /* FROptionsDropDownView.swift */,
			);
			path = Dropdowns;
			sourceTree = "<group>";
		};
		63D19CC4208D72EC0041C774 /* Secrets */ = {
			isa = PBXGroup;
			children = (
				63D19CC2208D72E40041C774 /* Keys.plist */,
			);
			path = Secrets;
			sourceTree = "<group>";
		};
		652915081F78124700882CBB /* ClickerTests */ = {
			isa = PBXGroup;
			children = (
				652915091F78124700882CBB /* ClickerTests.swift */,
				6529150B1F78124700882CBB /* Info.plist */,
			);
			path = ClickerTests;
			sourceTree = "<group>";
		};
		A2D67F102058E16CFF6D7701 /* Pods */ = {
			isa = PBXGroup;
			children = (
				7EF3AAE5CB03F39BF24F467B /* Pods-Clicker.debug.xcconfig */,
				47FB2FE5662510CA62E6D122 /* Pods-Clicker.release.xcconfig */,
				6DFC69E3243ED7F8257FA975 /* Pods-Clicker.debug dev server.xcconfig */,
			);
			name = Pods;
			sourceTree = "<group>";
		};
		C27429E11F8C252D006FAD31 /* Quarks */ = {
			isa = PBXGroup;
			children = (
				C27BF0FF1F93E7C100C51095 /* ClickerQuark.swift */,
				C2BF44CD2033FA140067505A /* PollQuark.swift */,
				C2F48EBA2083045A0022FE6B /* DraftQuark.swift */,
				C2F48EBE208304980022FE6B /* SessionQuark.swift */,
				C2CA3A2920830B2300E0BDC5 /* UserQuark.swift */,
			);
			path = Quarks;
			sourceTree = "<group>";
		};
		C281886C1F7ADE6F00D7E944 /* Models */ = {
			isa = PBXGroup;
			children = (
				C2D0579A1F926BB4008F21CB /* Answer.swift */,
				C259603A20390F0800C8DBA3 /* CurrentState.swift */,
				C205588E2026591A000E9B07 /* Poll.swift */,
				C2AC3E1B1FA7F83E00CC9D29 /* Session.swift */,
				C2F48EB2208302AE0022FE6B /* Draft.swift */,
				C2F48EB6208302F90022FE6B /* Socket.swift */,
				C2F48EB8208303020022FE6B /* SocketDelegate.swift */,
				C2CA3A27208309F800E0BDC5 /* User.swift */,
			);
			path = Models;
			sourceTree = "<group>";
		};
		C2BF44D1203402540067505A /* MultipleChoice */ = {
			isa = PBXGroup;
			children = (
				C2B3C0C7202A7153003A9D1C /* AddMoreOptionCell.swift */,
				C25F21E9203F77FA001F540E /* AnswerMCCell.swift */,
				C25F21E7203F76F2001F540E /* CreateMCOptionCell.swift */,
				C25F21E3203F75CB001F540E /* MCSectionCell.swift */,
				C28AD564205CD3AF0053AD62 /* ResultMCCell.swift */,
			);
			path = MultipleChoice;
			sourceTree = "<group>";
		};
		C2BF44D22034027A0067505A /* FreeResponse */ = {
			isa = PBXGroup;
			children = (
				C2B91808208CE3A80030822F /* FRSectionCell.swift */,
				C2B9180A208CE3D40030822F /* ResultFRCell.swift */,
			);
			path = FreeResponse;
			sourceTree = "<group>";
		};
		C2DDE00E20869A0300A85094 /* Polls */ = {
			isa = PBXGroup;
			children = (
				6389C9512085953F00F78003 /* PollsCell.swift */,
				6389C94D20858D5400F78003 /* PollPreviewCell.swift */,
			);
			path = Polls;
			sourceTree = "<group>";
		};
		C7441389204C653D00E446CF /* Extensions */ = {
			isa = PBXGroup;
			children = (
				C72CD5271FAF6BF7004E68D9 /* UIColor+Shared.swift */,
				C212179E20281E94007395DA /* UIFont+Shared.swift */,
				C2BF44CF2033FD630067505A /* UIViewController+Shared.swift */,
				C23B3D8D203B69CC006AD046 /* UIView+Shared.swift */,
				C2BB14B9209469CD0081C35D /* Utils.swift */,
			);
			path = Extensions;
			sourceTree = "<group>";
		};
		C7D6AF571F93DE43003ABA10 /* Supporting */ = {
			isa = PBXGroup;
			children = (
				C7F923CC1F73540600B1E975 /* Assets.xcassets */,
				C7F923CE1F73540600B1E975 /* LaunchScreen.storyboard */,
				C7D6AF581F93DE4E003ABA10 /* Constants.swift */,
			);
			path = Supporting;
			sourceTree = "<group>";
		};
		C7D6AF5D1F93DED9003ABA10 /* Views */ = {
			isa = PBXGroup;
			children = (
				6389C94C20858D3300F78003 /* HomeScreen */,
				638406D12083CBC700483645 /* Cards */,
				C2BF44D22034027A0067505A /* FreeResponse */,
				C2BF44D1203402540067505A /* MultipleChoice */,
				63A4A64C2094FD3500523AE6 /* Drafts */,
				63C36F2120994148004EBB16 /* Dropdowns */,
				63A4A6492094DFD000523AE6 /* PollBuilder */,
				C28AD560205CB7D50053AD62 /* QuestionSectionCell.swift */,
				C2BF982A206BE1240048468E /* OptionsView.swift */,
				637FD6922093E5FA007BADF1 /* NameView.swift */,
			);
			path = Views;
			sourceTree = "<group>";
		};
		C7F923B91F73540600B1E975 = {
			isa = PBXGroup;
			children = (
				63D19CC4208D72EC0041C774 /* Secrets */,
				C7F923C41F73540600B1E975 /* Clicker */,
				652915081F78124700882CBB /* ClickerTests */,
				C7F923C31F73540600B1E975 /* Products */,
				A2D67F102058E16CFF6D7701 /* Pods */,
				2B4C2EA7BDB8502F608CE492 /* Frameworks */,
			);
			sourceTree = "<group>";
		};
		C7F923C31F73540600B1E975 /* Products */ = {
			isa = PBXGroup;
			children = (
				C7F923C21F73540600B1E975 /* Clicker.app */,
				652915071F78124700882CBB /* ClickerTests.xctest */,
			);
			name = Products;
			sourceTree = "<group>";
		};
		C7F923C41F73540600B1E975 /* Clicker */ = {
			isa = PBXGroup;
			children = (
				C7F923C51F73540600B1E975 /* AppDelegate.swift */,
				C281886C1F7ADE6F00D7E944 /* Models */,
				C27429E11F8C252D006FAD31 /* Quarks */,
				C7D6AF5D1F93DED9003ABA10 /* Views */,
				C7F923D91F73543700B1E975 /* View Controllers */,
				C7D6AF571F93DE43003ABA10 /* Supporting */,
				C7441389204C653D00E446CF /* Extensions */,
				C7F923D11F73540600B1E975 /* Info.plist */,
			);
			path = Clicker;
			sourceTree = "<group>";
		};
		C7F923D91F73543700B1E975 /* View Controllers */ = {
			isa = PBXGroup;
			children = (
				C2B9180C208CE7320030822F /* FeedbackViewController.swift */,
				C2F48EC22083051A0022FE6B /* PollsViewController.swift */,
				C2F48EC9208305C90022FE6B /* JoinViewController.swift */,
				639B4D552093F975009D3309 /* PickQTypeViewController.swift */,
				C275A1BD2098BE9100815951 /* EditPollViewController.swift */,
				637D5B1B209A95EF00E446E8 /* ExpandedViewController.swift */,
				C2504A58209963A200DC5EDC /* EditNameViewController.swift */,
				C2504A56209956C600DC5EDC /* DeletePollViewController.swift */,
				6353FD392086DDC900E16EB2 /* BlackAskController.swift */,
				C270524B209D51A600C7980F /* BlackAskController+Extension.swift */,
				633381322086D07D008BD455 /* BlackAnswerController.swift */,
				C21D98802083D32000191103 /* LoginViewController.swift */,
				D13E9091208712A300856DD4 /* PollBuilderViewController.swift */,
				63A4A64A2094F26F00523AE6 /* DraftsViewController.swift */,
			);
			path = "View Controllers";
			sourceTree = "<group>";
		};
/* End PBXGroup section */

/* Begin PBXNativeTarget section */
		652915061F78124700882CBB /* ClickerTests */ = {
			isa = PBXNativeTarget;
			buildConfigurationList = 652915101F78124700882CBB /* Build configuration list for PBXNativeTarget "ClickerTests" */;
			buildPhases = (
				652915031F78124700882CBB /* Sources */,
				652915041F78124700882CBB /* Frameworks */,
				652915051F78124700882CBB /* Resources */,
			);
			buildRules = (
			);
			dependencies = (
				6529150D1F78124700882CBB /* PBXTargetDependency */,
			);
			name = ClickerTests;
			productName = ClickerTests;
			productReference = 652915071F78124700882CBB /* ClickerTests.xctest */;
			productType = "com.apple.product-type.bundle.unit-test";
		};
		C7F923C11F73540600B1E975 /* Clicker */ = {
			isa = PBXNativeTarget;
			buildConfigurationList = C7F923D41F73540600B1E975 /* Build configuration list for PBXNativeTarget "Clicker" */;
			buildPhases = (
				8111505A715B85B069440F9D /* [CP] Check Pods Manifest.lock */,
				C7F923BE1F73540600B1E975 /* Sources */,
				C7F923BF1F73540600B1E975 /* Frameworks */,
				C7F923C01F73540600B1E975 /* Resources */,
				A03B3DEF1A4C524FA4F52E2B /* [CP] Embed Pods Frameworks */,
				DB0D70AD05214263A3CDF69E /* [CP] Copy Pods Resources */,
				C71173CA1F780BF600B4F9A1 /* Run Script */,
			);
			buildRules = (
			);
			dependencies = (
			);
			name = Clicker;
			productName = Clicker;
			productReference = C7F923C21F73540600B1E975 /* Clicker.app */;
			productType = "com.apple.product-type.application";
		};
/* End PBXNativeTarget section */

/* Begin PBXProject section */
		C7F923BA1F73540600B1E975 /* Project object */ = {
			isa = PBXProject;
			attributes = {
				LastSwiftUpdateCheck = 0900;
				LastUpgradeCheck = 0900;
				ORGANIZATIONNAME = CornellAppDev;
				TargetAttributes = {
					652915061F78124700882CBB = {
						CreatedOnToolsVersion = 9.0;
						ProvisioningStyle = Automatic;
						TestTargetID = C7F923C11F73540600B1E975;
					};
					C7F923C11F73540600B1E975 = {
						CreatedOnToolsVersion = 9.0;
						LastSwiftMigration = 0900;
						ProvisioningStyle = Automatic;
					};
				};
			};
			buildConfigurationList = C7F923BD1F73540600B1E975 /* Build configuration list for PBXProject "Clicker" */;
			compatibilityVersion = "Xcode 8.0";
			developmentRegion = en;
			hasScannedForEncodings = 0;
			knownRegions = (
				en,
				Base,
			);
			mainGroup = C7F923B91F73540600B1E975;
			productRefGroup = C7F923C31F73540600B1E975 /* Products */;
			projectDirPath = "";
			projectRoot = "";
			targets = (
				C7F923C11F73540600B1E975 /* Clicker */,
				652915061F78124700882CBB /* ClickerTests */,
			);
		};
/* End PBXProject section */

/* Begin PBXResourcesBuildPhase section */
		652915051F78124700882CBB /* Resources */ = {
			isa = PBXResourcesBuildPhase;
			buildActionMask = 2147483647;
			files = (
			);
			runOnlyForDeploymentPostprocessing = 0;
		};
		C7F923C01F73540600B1E975 /* Resources */ = {
			isa = PBXResourcesBuildPhase;
			buildActionMask = 2147483647;
			files = (
				D13E908B2086BC3200856DD4 /* LaunchScreen.storyboard in Resources */,
				C7F923CD1F73540600B1E975 /* Assets.xcassets in Resources */,
				C7F923CD1F73540600B1E975 /* Assets.xcassets in Resources */,
				63D19CC3208D72E40041C774 /* Keys.plist in Resources */,
			);
			runOnlyForDeploymentPostprocessing = 0;
		};
/* End PBXResourcesBuildPhase section */

/* Begin PBXShellScriptBuildPhase section */
		8111505A715B85B069440F9D /* [CP] Check Pods Manifest.lock */ = {
			isa = PBXShellScriptBuildPhase;
			buildActionMask = 2147483647;
			files = (
			);
			inputPaths = (
				"${PODS_PODFILE_DIR_PATH}/Podfile.lock",
				"${PODS_ROOT}/Manifest.lock",
			);
			name = "[CP] Check Pods Manifest.lock";
			outputPaths = (
				"$(DERIVED_FILE_DIR)/Pods-Clicker-checkManifestLockResult.txt",
			);
			runOnlyForDeploymentPostprocessing = 0;
			shellPath = /bin/sh;
			shellScript = "diff \"${PODS_PODFILE_DIR_PATH}/Podfile.lock\" \"${PODS_ROOT}/Manifest.lock\" > /dev/null\nif [ $? != 0 ] ; then\n    # print error to STDERR\n    echo \"error: The sandbox is not in sync with the Podfile.lock. Run 'pod install' or update your CocoaPods installation.\" >&2\n    exit 1\nfi\n# This output is used by Xcode 'outputs' to avoid re-running this script phase.\necho \"SUCCESS\" > \"${SCRIPT_OUTPUT_FILE_0}\"\n";
			showEnvVarsInLog = 0;
		};
		A03B3DEF1A4C524FA4F52E2B /* [CP] Embed Pods Frameworks */ = {
			isa = PBXShellScriptBuildPhase;
			buildActionMask = 2147483647;
			files = (
			);
			inputPaths = (
				"${SRCROOT}/Pods/Target Support Files/Pods-Clicker/Pods-Clicker-frameworks.sh",
				"${BUILT_PRODUCTS_DIR}/Alamofire/Alamofire.framework",
				"${BUILT_PRODUCTS_DIR}/GTMOAuth2/GTMOAuth2.framework",
				"${BUILT_PRODUCTS_DIR}/GTMSessionFetcher/GTMSessionFetcher.framework",
				"${BUILT_PRODUCTS_DIR}/GoogleToolboxForMac/GoogleToolboxForMac.framework",
				"${BUILT_PRODUCTS_DIR}/Neutron/Neutron.framework",
				"${BUILT_PRODUCTS_DIR}/Presentr/Presentr.framework",
				"${BUILT_PRODUCTS_DIR}/PromiseKit/PromiseKit.framework",
				"${BUILT_PRODUCTS_DIR}/Siren/Siren.framework",
				"${BUILT_PRODUCTS_DIR}/SnapKit/SnapKit.framework",
				"${BUILT_PRODUCTS_DIR}/Socket.IO-Client-Swift/SocketIO.framework",
				"${BUILT_PRODUCTS_DIR}/Starscream/Starscream.framework",
				"${BUILT_PRODUCTS_DIR}/SwiftyJSON/SwiftyJSON.framework",
			);
			name = "[CP] Embed Pods Frameworks";
			outputPaths = (
				"${TARGET_BUILD_DIR}/${FRAMEWORKS_FOLDER_PATH}/Alamofire.framework",
				"${TARGET_BUILD_DIR}/${FRAMEWORKS_FOLDER_PATH}/GTMOAuth2.framework",
				"${TARGET_BUILD_DIR}/${FRAMEWORKS_FOLDER_PATH}/GTMSessionFetcher.framework",
				"${TARGET_BUILD_DIR}/${FRAMEWORKS_FOLDER_PATH}/GoogleToolboxForMac.framework",
				"${TARGET_BUILD_DIR}/${FRAMEWORKS_FOLDER_PATH}/Neutron.framework",
				"${TARGET_BUILD_DIR}/${FRAMEWORKS_FOLDER_PATH}/Presentr.framework",
				"${TARGET_BUILD_DIR}/${FRAMEWORKS_FOLDER_PATH}/PromiseKit.framework",
				"${TARGET_BUILD_DIR}/${FRAMEWORKS_FOLDER_PATH}/Siren.framework",
				"${TARGET_BUILD_DIR}/${FRAMEWORKS_FOLDER_PATH}/SnapKit.framework",
				"${TARGET_BUILD_DIR}/${FRAMEWORKS_FOLDER_PATH}/SocketIO.framework",
				"${TARGET_BUILD_DIR}/${FRAMEWORKS_FOLDER_PATH}/Starscream.framework",
				"${TARGET_BUILD_DIR}/${FRAMEWORKS_FOLDER_PATH}/SwiftyJSON.framework",
			);
			runOnlyForDeploymentPostprocessing = 0;
			shellPath = /bin/sh;
			shellScript = "\"${SRCROOT}/Pods/Target Support Files/Pods-Clicker/Pods-Clicker-frameworks.sh\"\n";
			showEnvVarsInLog = 0;
		};
		C71173CA1F780BF600B4F9A1 /* Run Script */ = {
			isa = PBXShellScriptBuildPhase;
			buildActionMask = 2147483647;
			files = (
			);
			inputPaths = (
			);
			name = "Run Script";
			outputPaths = (
			);
			runOnlyForDeploymentPostprocessing = 0;
			shellPath = /bin/sh;
			shellScript = "FABRIC_API_KEY=$(/usr/libexec/PlistBuddy -c \"Print :fabric-api-key\" \"${PROJECT_DIR}/Secrets/Keys.plist\")\nFABRIC_BUILD_SECRET=$(/usr/libexec/PlistBuddy -c \"Print :fabric-build-secret\" \"${PROJECT_DIR}/Secrets/Keys.plist\")\n\"${PODS_ROOT}/Fabric/run\" $FABRIC_API_KEY $FABRIC_BUILD_SECRET";
		};
		DB0D70AD05214263A3CDF69E /* [CP] Copy Pods Resources */ = {
			isa = PBXShellScriptBuildPhase;
			buildActionMask = 2147483647;
			files = (
			);
			inputPaths = (
				"${SRCROOT}/Pods/Target Support Files/Pods-Clicker/Pods-Clicker-resources.sh",
				"${PODS_ROOT}/GoogleSignIn/Resources/GoogleSignIn.bundle",
			);
			name = "[CP] Copy Pods Resources";
			outputPaths = (
				"${TARGET_BUILD_DIR}/${UNLOCALIZED_RESOURCES_FOLDER_PATH}/GoogleSignIn.bundle",
			);
			runOnlyForDeploymentPostprocessing = 0;
			shellPath = /bin/sh;
			shellScript = "\"${SRCROOT}/Pods/Target Support Files/Pods-Clicker/Pods-Clicker-resources.sh\"\n";
			showEnvVarsInLog = 0;
		};
/* End PBXShellScriptBuildPhase section */

/* Begin PBXSourcesBuildPhase section */
		652915031F78124700882CBB /* Sources */ = {
			isa = PBXSourcesBuildPhase;
			buildActionMask = 2147483647;
			files = (
				C2BB14BB2094DB1D0081C35D /* LiveOptionCell.swift in Sources */,
				6529150A1F78124700882CBB /* ClickerTests.swift in Sources */,
			);
			runOnlyForDeploymentPostprocessing = 0;
		};
		C7F923BE1F73540600B1E975 /* Sources */ = {
			isa = PBXSourcesBuildPhase;
			buildActionMask = 2147483647;
			files = (
				639B4D562093F975009D3309 /* PickQTypeViewController.swift in Sources */,
				C28AD565205CD3AF0053AD62 /* ResultMCCell.swift in Sources */,
				C25F21EA203F77FA001F540E /* AnswerMCCell.swift in Sources */,
				C270524C209D51A600C7980F /* BlackAskController+Extension.swift in Sources */,
				C2BB14C32094DF950081C35D /* AnswerSharedCard.swift in Sources */,
				C205588F2026591A000E9B07 /* Poll.swift in Sources */,
				C2BF44D02033FD630067505A /* UIViewController+Shared.swift in Sources */,
				C2BF982B206BE1240048468E /* OptionsView.swift in Sources */,
				C2BB14BA209469CD0081C35D /* Utils.swift in Sources */,
				C212179F20281E94007395DA /* UIFont+Shared.swift in Sources */,
				C2B9180B208CE3D40030822F /* ResultFRCell.swift in Sources */,
				63A4A6462094D41600523AE6 /* MCPollBuilderView.swift in Sources */,
				C72CD5281FAF6BF7004E68D9 /* UIColor+Shared.swift in Sources */,
				6389C9522085953F00F78003 /* PollsCell.swift in Sources */,
				6333812F2086C8D1008BD455 /* ClosedOptionCell.swift in Sources */,
				63E4DAF82097DE94000808EB /* NavigationTitleView.swift in Sources */,
				C2B3C0C8202A7153003A9D1C /* AddMoreOptionCell.swift in Sources */,
				C2F48EB3208302AE0022FE6B /* Draft.swift in Sources */,
				638406D52083CC1400483645 /* ResultCell.swift in Sources */,
				C2F48EB9208303020022FE6B /* SocketDelegate.swift in Sources */,
				C27BF1001F93E7C100C51095 /* ClickerQuark.swift in Sources */,
				C2BB14BD2094DD400081C35D /* AskedCard.swift in Sources */,
				C275A1BE2098BE9100815951 /* EditPollViewController.swift in Sources */,
				637D5B1C209A95EF00E446E8 /* ExpandedViewController.swift in Sources */,
				C2F48EBF208304980022FE6B /* SessionQuark.swift in Sources */,
				C2F48EC32083051A0022FE6B /* PollsViewController.swift in Sources */,
				C259603B20390F0800C8DBA3 /* CurrentState.swift in Sources */,
				6353FD3A2086DDC900E16EB2 /* BlackAskController.swift in Sources */,
				636B0F15209D2DDA00769E14 /* PollTypeDropDownView.swift in Sources */,
				C2CA3A2A20830B2300E0BDC5 /* UserQuark.swift in Sources */,
				C28AD561205CB7D50053AD62 /* QuestionSectionCell.swift in Sources */,
				6321B786209D42A800B3A934 /* FROptionsDropDownView.swift in Sources */,
				C2D0579B1F926BB4008F21CB /* Answer.swift in Sources */,
				C2F48EB7208302F90022FE6B /* Socket.swift in Sources */,
				C2F48EBB2083045A0022FE6B /* DraftQuark.swift in Sources */,
				C25F21E8203F76F2001F540E /* CreateMCOptionCell.swift in Sources */,
				C23B3D8E203B69CC006AD046 /* UIView+Shared.swift in Sources */,
				63A4A64B2094F26F00523AE6 /* DraftsViewController.swift in Sources */,
				C270524E209D525700C7980F /* CardDateCell.swift in Sources */,
				C7F923C61F73540600B1E975 /* AppDelegate.swift in Sources */,
				C2F48ECA208305C90022FE6B /* JoinViewController.swift in Sources */,
				633381332086D07D008BD455 /* BlackAnswerController.swift in Sources */,
				C2504A57209956C600DC5EDC /* DeletePollViewController.swift in Sources */,
				C21D98812083D32000191103 /* LoginViewController.swift in Sources */,
				6333812B2086B645008BD455 /* LiveOptionCell.swift in Sources */,
				63A4A64E2094FD7800523AE6 /* DraftCell.swift in Sources */,
				C2CA3A28208309F800E0BDC5 /* User.swift in Sources */,
				C2B91809208CE3A80030822F /* FRSectionCell.swift in Sources */,
				637FD6932093E5FA007BADF1 /* NameView.swift in Sources */,
				C2AC3E1C1FA7F83E00CC9D29 /* Session.swift in Sources */,
				C2504A59209963A200DC5EDC /* EditNameViewController.swift in Sources */,
				633381352086D18B008BD455 /* EmptyAnswerCell.swift in Sources */,
				C2BF44CE2033FA140067505A /* PollQuark.swift in Sources */,
				D13E9092208712A300856DD4 /* PollBuilderViewController.swift in Sources */,
				63A4A6482094D5EF00523AE6 /* FRPollBuilderView.swift in Sources */,
				C2BB14B8209449390081C35D /* CardRowCell.swift in Sources */,
				C25F21E4203F75CB001F540E /* MCSectionCell.swift in Sources */,
				6389C94E20858D5400F78003 /* PollPreviewCell.swift in Sources */,
				C2B9180D208CE7320030822F /* FeedbackViewController.swift in Sources */,
				C7D6AF591F93DE4E003ABA10 /* Constants.swift in Sources */,
				C2BB14C12094DE930081C35D /* AnswerCard.swift in Sources */,
			);
			runOnlyForDeploymentPostprocessing = 0;
		};
/* End PBXSourcesBuildPhase section */

/* Begin PBXTargetDependency section */
		6529150D1F78124700882CBB /* PBXTargetDependency */ = {
			isa = PBXTargetDependency;
			target = C7F923C11F73540600B1E975 /* Clicker */;
			targetProxy = 6529150C1F78124700882CBB /* PBXContainerItemProxy */;
		};
/* End PBXTargetDependency section */

/* Begin PBXVariantGroup section */
		C7F923CE1F73540600B1E975 /* LaunchScreen.storyboard */ = {
			isa = PBXVariantGroup;
			children = (
				C7F923CF1F73540600B1E975 /* Base */,
			);
			name = LaunchScreen.storyboard;
			sourceTree = "<group>";
		};
/* End PBXVariantGroup section */

/* Begin XCBuildConfiguration section */
		6529150E1F78124700882CBB /* Debug */ = {
			isa = XCBuildConfiguration;
			buildSettings = {
				BUNDLE_LOADER = "$(TEST_HOST)";
				CODE_SIGN_STYLE = Automatic;
				DEVELOPMENT_TEAM = ZGMCXU7X3U;
				INFOPLIST_FILE = ClickerTests/Info.plist;
				LD_RUNPATH_SEARCH_PATHS = "$(inherited) @executable_path/Frameworks @loader_path/Frameworks";
				PRODUCT_BUNDLE_IDENTIFIER = com.cuappdev.ClickerTests;
				PRODUCT_NAME = "$(TARGET_NAME)";
				SWIFT_VERSION = 4.0;
				TARGETED_DEVICE_FAMILY = "1,2";
				TEST_HOST = "$(BUILT_PRODUCTS_DIR)/Clicker.app/Clicker";
			};
			name = Debug;
		};
		6529150F1F78124700882CBB /* Release */ = {
			isa = XCBuildConfiguration;
			buildSettings = {
				BUNDLE_LOADER = "$(TEST_HOST)";
				CODE_SIGN_STYLE = Automatic;
				DEVELOPMENT_TEAM = ZGMCXU7X3U;
				INFOPLIST_FILE = ClickerTests/Info.plist;
				LD_RUNPATH_SEARCH_PATHS = "$(inherited) @executable_path/Frameworks @loader_path/Frameworks";
				PRODUCT_BUNDLE_IDENTIFIER = com.cuappdev.ClickerTests;
				PRODUCT_NAME = "$(TARGET_NAME)";
				SWIFT_VERSION = 4.0;
				TARGETED_DEVICE_FAMILY = "1,2";
				TEST_HOST = "$(BUILT_PRODUCTS_DIR)/Clicker.app/Clicker";
			};
			name = Release;
		};
		65FE842D20698C5D003ADDA5 /* Debug Dev Server */ = {
			isa = XCBuildConfiguration;
			buildSettings = {
				ALWAYS_SEARCH_USER_PATHS = NO;
				CLANG_ANALYZER_NONNULL = YES;
				CLANG_ANALYZER_NUMBER_OBJECT_CONVERSION = YES_AGGRESSIVE;
				CLANG_CXX_LANGUAGE_STANDARD = "gnu++14";
				CLANG_CXX_LIBRARY = "libc++";
				CLANG_ENABLE_MODULES = YES;
				CLANG_ENABLE_OBJC_ARC = YES;
				CLANG_WARN_BLOCK_CAPTURE_AUTORELEASING = YES;
				CLANG_WARN_BOOL_CONVERSION = YES;
				CLANG_WARN_COMMA = YES;
				CLANG_WARN_CONSTANT_CONVERSION = YES;
				CLANG_WARN_DIRECT_OBJC_ISA_USAGE = YES_ERROR;
				CLANG_WARN_DOCUMENTATION_COMMENTS = YES;
				CLANG_WARN_EMPTY_BODY = YES;
				CLANG_WARN_ENUM_CONVERSION = YES;
				CLANG_WARN_INFINITE_RECURSION = YES;
				CLANG_WARN_INT_CONVERSION = YES;
				CLANG_WARN_NON_LITERAL_NULL_CONVERSION = YES;
				CLANG_WARN_OBJC_LITERAL_CONVERSION = YES;
				CLANG_WARN_OBJC_ROOT_CLASS = YES_ERROR;
				CLANG_WARN_RANGE_LOOP_ANALYSIS = YES;
				CLANG_WARN_STRICT_PROTOTYPES = YES;
				CLANG_WARN_SUSPICIOUS_MOVE = YES;
				CLANG_WARN_UNGUARDED_AVAILABILITY = YES_AGGRESSIVE;
				CLANG_WARN_UNREACHABLE_CODE = YES;
				CLANG_WARN__DUPLICATE_METHOD_MATCH = YES;
				CODE_SIGN_IDENTITY = "iPhone Developer";
				COPY_PHASE_STRIP = NO;
				DEBUG_INFORMATION_FORMAT = dwarf;
				ENABLE_STRICT_OBJC_MSGSEND = YES;
				ENABLE_TESTABILITY = YES;
				GCC_C_LANGUAGE_STANDARD = gnu11;
				GCC_DYNAMIC_NO_PIC = NO;
				GCC_NO_COMMON_BLOCKS = YES;
				GCC_OPTIMIZATION_LEVEL = 0;
				GCC_PREPROCESSOR_DEFINITIONS = (
					"DEBUG=1",
					"$(inherited)",
				);
				GCC_WARN_64_TO_32_BIT_CONVERSION = YES;
				GCC_WARN_ABOUT_RETURN_TYPE = YES_ERROR;
				GCC_WARN_UNDECLARED_SELECTOR = YES;
				GCC_WARN_UNINITIALIZED_AUTOS = YES_AGGRESSIVE;
				GCC_WARN_UNUSED_FUNCTION = YES;
				GCC_WARN_UNUSED_VARIABLE = YES;
				IPHONEOS_DEPLOYMENT_TARGET = 11.0;
				MTL_ENABLE_DEBUG_INFO = YES;
				ONLY_ACTIVE_ARCH = YES;
				SDKROOT = iphoneos;
				SWIFT_ACTIVE_COMPILATION_CONDITIONS = DEBUG;
				SWIFT_OPTIMIZATION_LEVEL = "-Onone";
			};
			name = "Debug Dev Server";
		};
		65FE842E20698C5D003ADDA5 /* Debug Dev Server */ = {
			isa = XCBuildConfiguration;
			baseConfigurationReference = 6DFC69E3243ED7F8257FA975 /* Pods-Clicker.debug dev server.xcconfig */;
			buildSettings = {
				ALWAYS_EMBED_SWIFT_STANDARD_LIBRARIES = YES;
				ASSETCATALOG_COMPILER_APPICON_NAME = AppIcon;
				CLANG_ENABLE_MODULES = YES;
				"CODE_SIGN_IDENTITY[sdk=iphoneos*]" = "iPhone Developer";
				CODE_SIGN_STYLE = Automatic;
				DEVELOPMENT_TEAM = ZGMCXU7X3U;
				INFOPLIST_FILE = Clicker/Info.plist;
				IPHONEOS_DEPLOYMENT_TARGET = 10.0;
				LD_RUNPATH_SEARCH_PATHS = "$(inherited) @executable_path/Frameworks";
				OTHER_SWIFT_FLAGS = "$(inherited) \"-D\" \"COCOAPODS\" \"-DDEV_SERVER\"";
				PRODUCT_BUNDLE_IDENTIFIER = com.cornellappdev.Pollo;
				PRODUCT_NAME = "$(TARGET_NAME)";
				PROVISIONING_PROFILE_SPECIFIER = "";
				SWIFT_OPTIMIZATION_LEVEL = "-Onone";
				SWIFT_VERSION = 4.0;
				TARGETED_DEVICE_FAMILY = 1;
			};
			name = "Debug Dev Server";
		};
		65FE842F20698C5D003ADDA5 /* Debug Dev Server */ = {
			isa = XCBuildConfiguration;
			buildSettings = {
				BUNDLE_LOADER = "$(TEST_HOST)";
				CODE_SIGN_STYLE = Automatic;
				DEVELOPMENT_TEAM = ZGMCXU7X3U;
				INFOPLIST_FILE = ClickerTests/Info.plist;
				LD_RUNPATH_SEARCH_PATHS = "$(inherited) @executable_path/Frameworks @loader_path/Frameworks";
				PRODUCT_BUNDLE_IDENTIFIER = com.cuappdev.ClickerTests;
				PRODUCT_NAME = "$(TARGET_NAME)";
				SWIFT_VERSION = 4.0;
				TARGETED_DEVICE_FAMILY = "1,2";
				TEST_HOST = "$(BUILT_PRODUCTS_DIR)/Clicker.app/Clicker";
			};
			name = "Debug Dev Server";
		};
		C7F923D21F73540600B1E975 /* Debug */ = {
			isa = XCBuildConfiguration;
			buildSettings = {
				ALWAYS_SEARCH_USER_PATHS = NO;
				CLANG_ANALYZER_NONNULL = YES;
				CLANG_ANALYZER_NUMBER_OBJECT_CONVERSION = YES_AGGRESSIVE;
				CLANG_CXX_LANGUAGE_STANDARD = "gnu++14";
				CLANG_CXX_LIBRARY = "libc++";
				CLANG_ENABLE_MODULES = YES;
				CLANG_ENABLE_OBJC_ARC = YES;
				CLANG_WARN_BLOCK_CAPTURE_AUTORELEASING = YES;
				CLANG_WARN_BOOL_CONVERSION = YES;
				CLANG_WARN_COMMA = YES;
				CLANG_WARN_CONSTANT_CONVERSION = YES;
				CLANG_WARN_DIRECT_OBJC_ISA_USAGE = YES_ERROR;
				CLANG_WARN_DOCUMENTATION_COMMENTS = YES;
				CLANG_WARN_EMPTY_BODY = YES;
				CLANG_WARN_ENUM_CONVERSION = YES;
				CLANG_WARN_INFINITE_RECURSION = YES;
				CLANG_WARN_INT_CONVERSION = YES;
				CLANG_WARN_NON_LITERAL_NULL_CONVERSION = YES;
				CLANG_WARN_OBJC_LITERAL_CONVERSION = YES;
				CLANG_WARN_OBJC_ROOT_CLASS = YES_ERROR;
				CLANG_WARN_RANGE_LOOP_ANALYSIS = YES;
				CLANG_WARN_STRICT_PROTOTYPES = YES;
				CLANG_WARN_SUSPICIOUS_MOVE = YES;
				CLANG_WARN_UNGUARDED_AVAILABILITY = YES_AGGRESSIVE;
				CLANG_WARN_UNREACHABLE_CODE = YES;
				CLANG_WARN__DUPLICATE_METHOD_MATCH = YES;
				CODE_SIGN_IDENTITY = "iPhone Developer";
				COPY_PHASE_STRIP = NO;
				DEBUG_INFORMATION_FORMAT = dwarf;
				ENABLE_STRICT_OBJC_MSGSEND = YES;
				ENABLE_TESTABILITY = YES;
				GCC_C_LANGUAGE_STANDARD = gnu11;
				GCC_DYNAMIC_NO_PIC = NO;
				GCC_NO_COMMON_BLOCKS = YES;
				GCC_OPTIMIZATION_LEVEL = 0;
				GCC_PREPROCESSOR_DEFINITIONS = (
					"DEBUG=1",
					"$(inherited)",
				);
				GCC_WARN_64_TO_32_BIT_CONVERSION = YES;
				GCC_WARN_ABOUT_RETURN_TYPE = YES_ERROR;
				GCC_WARN_UNDECLARED_SELECTOR = YES;
				GCC_WARN_UNINITIALIZED_AUTOS = YES_AGGRESSIVE;
				GCC_WARN_UNUSED_FUNCTION = YES;
				GCC_WARN_UNUSED_VARIABLE = YES;
				IPHONEOS_DEPLOYMENT_TARGET = 11.0;
				MTL_ENABLE_DEBUG_INFO = YES;
				ONLY_ACTIVE_ARCH = YES;
				SDKROOT = iphoneos;
				SWIFT_ACTIVE_COMPILATION_CONDITIONS = DEBUG;
				SWIFT_OPTIMIZATION_LEVEL = "-Onone";
			};
			name = Debug;
		};
		C7F923D31F73540600B1E975 /* Release */ = {
			isa = XCBuildConfiguration;
			buildSettings = {
				ALWAYS_SEARCH_USER_PATHS = NO;
				CLANG_ANALYZER_NONNULL = YES;
				CLANG_ANALYZER_NUMBER_OBJECT_CONVERSION = YES_AGGRESSIVE;
				CLANG_CXX_LANGUAGE_STANDARD = "gnu++14";
				CLANG_CXX_LIBRARY = "libc++";
				CLANG_ENABLE_MODULES = YES;
				CLANG_ENABLE_OBJC_ARC = YES;
				CLANG_WARN_BLOCK_CAPTURE_AUTORELEASING = YES;
				CLANG_WARN_BOOL_CONVERSION = YES;
				CLANG_WARN_COMMA = YES;
				CLANG_WARN_CONSTANT_CONVERSION = YES;
				CLANG_WARN_DIRECT_OBJC_ISA_USAGE = YES_ERROR;
				CLANG_WARN_DOCUMENTATION_COMMENTS = YES;
				CLANG_WARN_EMPTY_BODY = YES;
				CLANG_WARN_ENUM_CONVERSION = YES;
				CLANG_WARN_INFINITE_RECURSION = YES;
				CLANG_WARN_INT_CONVERSION = YES;
				CLANG_WARN_NON_LITERAL_NULL_CONVERSION = YES;
				CLANG_WARN_OBJC_LITERAL_CONVERSION = YES;
				CLANG_WARN_OBJC_ROOT_CLASS = YES_ERROR;
				CLANG_WARN_RANGE_LOOP_ANALYSIS = YES;
				CLANG_WARN_STRICT_PROTOTYPES = YES;
				CLANG_WARN_SUSPICIOUS_MOVE = YES;
				CLANG_WARN_UNGUARDED_AVAILABILITY = YES_AGGRESSIVE;
				CLANG_WARN_UNREACHABLE_CODE = YES;
				CLANG_WARN__DUPLICATE_METHOD_MATCH = YES;
				CODE_SIGN_IDENTITY = "iPhone Developer";
				COPY_PHASE_STRIP = NO;
				DEBUG_INFORMATION_FORMAT = "dwarf-with-dsym";
				ENABLE_NS_ASSERTIONS = NO;
				ENABLE_STRICT_OBJC_MSGSEND = YES;
				GCC_C_LANGUAGE_STANDARD = gnu11;
				GCC_NO_COMMON_BLOCKS = YES;
				GCC_WARN_64_TO_32_BIT_CONVERSION = YES;
				GCC_WARN_ABOUT_RETURN_TYPE = YES_ERROR;
				GCC_WARN_UNDECLARED_SELECTOR = YES;
				GCC_WARN_UNINITIALIZED_AUTOS = YES_AGGRESSIVE;
				GCC_WARN_UNUSED_FUNCTION = YES;
				GCC_WARN_UNUSED_VARIABLE = YES;
				IPHONEOS_DEPLOYMENT_TARGET = 11.0;
				MTL_ENABLE_DEBUG_INFO = NO;
				SDKROOT = iphoneos;
				SWIFT_OPTIMIZATION_LEVEL = "-Owholemodule";
				VALIDATE_PRODUCT = YES;
			};
			name = Release;
		};
		C7F923D51F73540600B1E975 /* Debug */ = {
			isa = XCBuildConfiguration;
			baseConfigurationReference = 7EF3AAE5CB03F39BF24F467B /* Pods-Clicker.debug.xcconfig */;
			buildSettings = {
				ASSETCATALOG_COMPILER_APPICON_NAME = AppIcon;
				CLANG_ENABLE_MODULES = YES;
				"CODE_SIGN_IDENTITY[sdk=iphoneos*]" = "iPhone Developer";
				CODE_SIGN_STYLE = Automatic;
				DEVELOPMENT_TEAM = ZGMCXU7X3U;
				INFOPLIST_FILE = Clicker/Info.plist;
				IPHONEOS_DEPLOYMENT_TARGET = 10.0;
				LD_RUNPATH_SEARCH_PATHS = "$(inherited) @executable_path/Frameworks";
				PRODUCT_BUNDLE_IDENTIFIER = com.cornellappdev.Pollo;
				PRODUCT_NAME = "$(TARGET_NAME)";
				PROVISIONING_PROFILE_SPECIFIER = "";
				SWIFT_OPTIMIZATION_LEVEL = "-Onone";
				SWIFT_VERSION = 4.0;
				TARGETED_DEVICE_FAMILY = 1;
			};
			name = Debug;
		};
		C7F923D61F73540600B1E975 /* Release */ = {
			isa = XCBuildConfiguration;
			baseConfigurationReference = 47FB2FE5662510CA62E6D122 /* Pods-Clicker.release.xcconfig */;
			buildSettings = {
				ALWAYS_EMBED_SWIFT_STANDARD_LIBRARIES = NO;
				ASSETCATALOG_COMPILER_APPICON_NAME = AppIcon;
				CLANG_ENABLE_MODULES = YES;
				"CODE_SIGN_IDENTITY[sdk=iphoneos*]" = "iPhone Developer";
				CODE_SIGN_STYLE = Automatic;
				DEVELOPMENT_TEAM = ZGMCXU7X3U;
				INFOPLIST_FILE = Clicker/Info.plist;
				IPHONEOS_DEPLOYMENT_TARGET = 10.0;
				LD_RUNPATH_SEARCH_PATHS = "$(inherited) @executable_path/Frameworks";
				PRODUCT_BUNDLE_IDENTIFIER = com.cornellappdev.Pollo;
				PRODUCT_NAME = "$(TARGET_NAME)";
				PROVISIONING_PROFILE_SPECIFIER = "";
				SWIFT_VERSION = 4.0;
				TARGETED_DEVICE_FAMILY = 1;
			};
			name = Release;
		};
/* End XCBuildConfiguration section */

/* Begin XCConfigurationList section */
		652915101F78124700882CBB /* Build configuration list for PBXNativeTarget "ClickerTests" */ = {
			isa = XCConfigurationList;
			buildConfigurations = (
				6529150E1F78124700882CBB /* Debug */,
				65FE842F20698C5D003ADDA5 /* Debug Dev Server */,
				6529150F1F78124700882CBB /* Release */,
			);
			defaultConfigurationIsVisible = 0;
			defaultConfigurationName = Release;
		};
		C7F923BD1F73540600B1E975 /* Build configuration list for PBXProject "Clicker" */ = {
			isa = XCConfigurationList;
			buildConfigurations = (
				C7F923D21F73540600B1E975 /* Debug */,
				65FE842D20698C5D003ADDA5 /* Debug Dev Server */,
				C7F923D31F73540600B1E975 /* Release */,
			);
			defaultConfigurationIsVisible = 0;
			defaultConfigurationName = Release;
		};
		C7F923D41F73540600B1E975 /* Build configuration list for PBXNativeTarget "Clicker" */ = {
			isa = XCConfigurationList;
			buildConfigurations = (
				C7F923D51F73540600B1E975 /* Debug */,
				65FE842E20698C5D003ADDA5 /* Debug Dev Server */,
				C7F923D61F73540600B1E975 /* Release */,
			);
			defaultConfigurationIsVisible = 0;
			defaultConfigurationName = Release;
		};
/* End XCConfigurationList section */
	};
	rootObject = C7F923BA1F73540600B1E975 /* Project object */;
}
