// !$*UTF8*$!
{
	archiveVersion = 1;
	classes = {
	};
	objectVersion = 46;
	objects = {

/* Begin PBXBuildFile section */
		4D59FFC3061FEE4ED19BD67C /* Pods_Clicker.framework in Frameworks */ = {isa = PBXBuildFile; fileRef = 51ECA7568355F568248C5881 /* Pods_Clicker.framework */; };
		65D670CD1E50EB8F00118CBA /* AppDelegate.swift in Sources */ = {isa = PBXBuildFile; fileRef = 65D670CC1E50EB8F00118CBA /* AppDelegate.swift */; };
		65D670CF1E50EB8F00118CBA /* ViewController.swift in Sources */ = {isa = PBXBuildFile; fileRef = 65D670CE1E50EB8F00118CBA /* ViewController.swift */; };
		65D670D41E50EB8F00118CBA /* Assets.xcassets in Resources */ = {isa = PBXBuildFile; fileRef = 65D670D31E50EB8F00118CBA /* Assets.xcassets */; };
		65D670D71E50EB8F00118CBA /* LaunchScreen.storyboard in Resources */ = {isa = PBXBuildFile; fileRef = 65D670D51E50EB8F00118CBA /* LaunchScreen.storyboard */; };
		F0665F801E70C077004092D9 /* Model in Resources */ = {isa = PBXBuildFile; fileRef = F0665F7F1E70C077004092D9 /* Model */; };
		F0665F8A1E70C4B3004092D9 /* Lecture.swift in Sources */ = {isa = PBXBuildFile; fileRef = F0665F871E70C4B3004092D9 /* Lecture.swift */; };
		F0665F8B1E70C4B3004092D9 /* User.swift in Sources */ = {isa = PBXBuildFile; fileRef = F0665F881E70C4B3004092D9 /* User.swift */; };
		F0665F8D1E70C4EB004092D9 /* Course.swift in Sources */ = {isa = PBXBuildFile; fileRef = F0665F8C1E70C4EB004092D9 /* Course.swift */; };
		F0665F8F1E70C57C004092D9 /* Question.swift in Sources */ = {isa = PBXBuildFile; fileRef = F0665F8E1E70C57C004092D9 /* Question.swift */; };
		F0E9158D1E6C91F3001EE4B4 /* GoogleService-Info.plist in Resources */ = {isa = PBXBuildFile; fileRef = F0E9158C1E6C91F3001EE4B4 /* GoogleService-Info.plist */; };
		F0E9158F1E6C9781001EE4B4 /* NetworkAPI.swift in Sources */ = {isa = PBXBuildFile; fileRef = F0E9158E1E6C9781001EE4B4 /* NetworkAPI.swift */; };
/* End PBXBuildFile section */

/* Begin PBXFileReference section */
		1C943BCC9F16D78287F58B2C /* Pods-Clicker.debug.xcconfig */ = {isa = PBXFileReference; includeInIndex = 1; lastKnownFileType = text.xcconfig; name = "Pods-Clicker.debug.xcconfig"; path = "Pods/Target Support Files/Pods-Clicker/Pods-Clicker.debug.xcconfig"; sourceTree = "<group>"; };
		3216299DD6D1EF2A0CE980B6 /* Pods-Clicker.release.xcconfig */ = {isa = PBXFileReference; includeInIndex = 1; lastKnownFileType = text.xcconfig; name = "Pods-Clicker.release.xcconfig"; path = "Pods/Target Support Files/Pods-Clicker/Pods-Clicker.release.xcconfig"; sourceTree = "<group>"; };
		51ECA7568355F568248C5881 /* Pods_Clicker.framework */ = {isa = PBXFileReference; explicitFileType = wrapper.framework; includeInIndex = 0; path = Pods_Clicker.framework; sourceTree = BUILT_PRODUCTS_DIR; };
		658ADE3E1E636F6F00389BC1 /* Clicker-Bridging-Header.h */ = {isa = PBXFileReference; lastKnownFileType = sourcecode.c.h; path = "Clicker-Bridging-Header.h"; sourceTree = "<group>"; };
		65D670C91E50EB8F00118CBA /* Clicker.app */ = {isa = PBXFileReference; explicitFileType = wrapper.application; includeInIndex = 0; path = Clicker.app; sourceTree = BUILT_PRODUCTS_DIR; };
		65D670CC1E50EB8F00118CBA /* AppDelegate.swift */ = {isa = PBXFileReference; lastKnownFileType = sourcecode.swift; path = AppDelegate.swift; sourceTree = "<group>"; };
		65D670CE1E50EB8F00118CBA /* ViewController.swift */ = {isa = PBXFileReference; lastKnownFileType = sourcecode.swift; path = ViewController.swift; sourceTree = "<group>"; };
		65D670D31E50EB8F00118CBA /* Assets.xcassets */ = {isa = PBXFileReference; lastKnownFileType = folder.assetcatalog; path = Assets.xcassets; sourceTree = "<group>"; };
		65D670D61E50EB8F00118CBA /* Base */ = {isa = PBXFileReference; lastKnownFileType = file.storyboard; name = Base; path = Base.lproj/LaunchScreen.storyboard; sourceTree = "<group>"; };
		65D670D81E50EB8F00118CBA /* Info.plist */ = {isa = PBXFileReference; lastKnownFileType = text.plist.xml; path = Info.plist; sourceTree = "<group>"; };
		F0665F7F1E70C077004092D9 /* Model */ = {isa = PBXFileReference; lastKnownFileType = folder; name = Model; path = "/Users/ae7/Desktop/Workspace/Xcode/clicker-ios/Clicker/Model"; sourceTree = "<absolute>"; };
		F0665F871E70C4B3004092D9 /* Lecture.swift */ = {isa = PBXFileReference; fileEncoding = 4; lastKnownFileType = sourcecode.swift; path = Lecture.swift; sourceTree = "<group>"; };
		F0665F881E70C4B3004092D9 /* User.swift */ = {isa = PBXFileReference; fileEncoding = 4; lastKnownFileType = sourcecode.swift; path = User.swift; sourceTree = "<group>"; };
		F0665F8C1E70C4EB004092D9 /* Course.swift */ = {isa = PBXFileReference; fileEncoding = 4; lastKnownFileType = sourcecode.swift; path = Course.swift; sourceTree = "<group>"; };
		F0665F8E1E70C57C004092D9 /* Question.swift */ = {isa = PBXFileReference; fileEncoding = 4; lastKnownFileType = sourcecode.swift; path = Question.swift; sourceTree = "<group>"; };
		F0E9158C1E6C91F3001EE4B4 /* GoogleService-Info.plist */ = {isa = PBXFileReference; lastKnownFileType = text.plist.xml; name = "GoogleService-Info.plist"; path = "Secrets/GoogleService-Info.plist"; sourceTree = "<group>"; };
		F0E9158E1E6C9781001EE4B4 /* NetworkAPI.swift */ = {isa = PBXFileReference; fileEncoding = 4; lastKnownFileType = sourcecode.swift; path = NetworkAPI.swift; sourceTree = "<group>"; };
/* End PBXFileReference section */

/* Begin PBXFrameworksBuildPhase section */
		65D670C61E50EB8E00118CBA /* Frameworks */ = {
			isa = PBXFrameworksBuildPhase;
			buildActionMask = 2147483647;
			files = (
				4D59FFC3061FEE4ED19BD67C /* Pods_Clicker.framework in Frameworks */,
			);
			runOnlyForDeploymentPostprocessing = 0;
		};
/* End PBXFrameworksBuildPhase section */

/* Begin PBXGroup section */
		65D670C01E50EB8E00118CBA = {
			isa = PBXGroup;
			children = (
				F0E9158C1E6C91F3001EE4B4 /* GoogleService-Info.plist */,
				65D670CB1E50EB8F00118CBA /* Clicker */,
				65D670CA1E50EB8F00118CBA /* Products */,
				6E7D1A3E1AED5A8A93F2C399 /* Pods */,
				DC34F9F6C09F0265423B302F /* Frameworks */,
			);
			sourceTree = "<group>";
		};
		65D670CA1E50EB8F00118CBA /* Products */ = {
			isa = PBXGroup;
			children = (
				65D670C91E50EB8F00118CBA /* Clicker.app */,
			);
			name = Products;
			sourceTree = "<group>";
		};
		65D670CB1E50EB8F00118CBA /* Clicker */ = {
			isa = PBXGroup;
			children = (
				F0665F851E70C4B3004092D9 /* Model */,
				65D670CC1E50EB8F00118CBA /* AppDelegate.swift */,
				F0E9158E1E6C9781001EE4B4 /* NetworkAPI.swift */,
				65D670CE1E50EB8F00118CBA /* ViewController.swift */,
				65D670D31E50EB8F00118CBA /* Assets.xcassets */,
				65D670D51E50EB8F00118CBA /* LaunchScreen.storyboard */,
				65D670D81E50EB8F00118CBA /* Info.plist */,
				658ADE3E1E636F6F00389BC1 /* Clicker-Bridging-Header.h */,
			);
			path = Clicker;
			sourceTree = "<group>";
		};
		6E7D1A3E1AED5A8A93F2C399 /* Pods */ = {
			isa = PBXGroup;
			children = (
				1C943BCC9F16D78287F58B2C /* Pods-Clicker.debug.xcconfig */,
				3216299DD6D1EF2A0CE980B6 /* Pods-Clicker.release.xcconfig */,
			);
			name = Pods;
			sourceTree = "<group>";
		};
		DC34F9F6C09F0265423B302F /* Frameworks */ = {
			isa = PBXGroup;
			children = (
				51ECA7568355F568248C5881 /* Pods_Clicker.framework */,
			);
			name = Frameworks;
			sourceTree = "<group>";
		};
		F0665F851E70C4B3004092D9 /* Model */ = {
			isa = PBXGroup;
			children = (
				F0665F871E70C4B3004092D9 /* Lecture.swift */,
				F0665F8C1E70C4EB004092D9 /* Course.swift */,
				F0665F881E70C4B3004092D9 /* User.swift */,
				F0665F8E1E70C57C004092D9 /* Question.swift */,
			);
			path = Model;
			sourceTree = "<group>";
		};
/* End PBXGroup section */

/* Begin PBXNativeTarget section */
		65D670C81E50EB8E00118CBA /* Clicker */ = {
			isa = PBXNativeTarget;
			buildConfigurationList = 65D670DB1E50EB8F00118CBA /* Build configuration list for PBXNativeTarget "Clicker" */;
			buildPhases = (
				B866120780A36A3FB028A380 /* [CP] Check Pods Manifest.lock */,
				65D670C51E50EB8E00118CBA /* Sources */,
				65D670C61E50EB8E00118CBA /* Frameworks */,
				65D670C71E50EB8E00118CBA /* Resources */,
				41F16FCDDCE400E9F45CB19C /* [CP] Embed Pods Frameworks */,
				2E9EC97B2483F4AFFCF49092 /* [CP] Copy Pods Resources */,
			);
			buildRules = (
			);
			dependencies = (
			);
			name = Clicker;
			productName = Clicker;
			productReference = 65D670C91E50EB8F00118CBA /* Clicker.app */;
			productType = "com.apple.product-type.application";
		};
/* End PBXNativeTarget section */

/* Begin PBXProject section */
		65D670C11E50EB8E00118CBA /* Project object */ = {
			isa = PBXProject;
			attributes = {
				LastSwiftUpdateCheck = 0820;
				LastUpgradeCheck = 0820;
				ORGANIZATIONNAME = cuappdev;
				TargetAttributes = {
					65D670C81E50EB8E00118CBA = {
						CreatedOnToolsVersion = 8.2.1;
						DevelopmentTeam = ZGMCXU7X3U;
						LastSwiftMigration = 0820;
						ProvisioningStyle = Automatic;
					};
				};
			};
			buildConfigurationList = 65D670C41E50EB8E00118CBA /* Build configuration list for PBXProject "Clicker" */;
			compatibilityVersion = "Xcode 3.2";
			developmentRegion = English;
			hasScannedForEncodings = 0;
			knownRegions = (
				en,
				Base,
			);
			mainGroup = 65D670C01E50EB8E00118CBA;
			productRefGroup = 65D670CA1E50EB8F00118CBA /* Products */;
			projectDirPath = "";
			projectRoot = "";
			targets = (
				65D670C81E50EB8E00118CBA /* Clicker */,
			);
		};
/* End PBXProject section */

/* Begin PBXResourcesBuildPhase section */
		65D670C71E50EB8E00118CBA /* Resources */ = {
			isa = PBXResourcesBuildPhase;
			buildActionMask = 2147483647;
			files = (
				F0E9158D1E6C91F3001EE4B4 /* GoogleService-Info.plist in Resources */,
				65D670D71E50EB8F00118CBA /* LaunchScreen.storyboard in Resources */,
				F0665F801E70C077004092D9 /* Model in Resources */,
				65D670D41E50EB8F00118CBA /* Assets.xcassets in Resources */,
			);
			runOnlyForDeploymentPostprocessing = 0;
		};
/* End PBXResourcesBuildPhase section */

/* Begin PBXShellScriptBuildPhase section */
		2E9EC97B2483F4AFFCF49092 /* [CP] Copy Pods Resources */ = {
			isa = PBXShellScriptBuildPhase;
			buildActionMask = 2147483647;
			files = (
			);
			inputPaths = (
			);
			name = "[CP] Copy Pods Resources";
			outputPaths = (
			);
			runOnlyForDeploymentPostprocessing = 0;
			shellPath = /bin/sh;
			shellScript = "\"${SRCROOT}/Pods/Target Support Files/Pods-Clicker/Pods-Clicker-resources.sh\"\n";
			showEnvVarsInLog = 0;
		};
		41F16FCDDCE400E9F45CB19C /* [CP] Embed Pods Frameworks */ = {
			isa = PBXShellScriptBuildPhase;
			buildActionMask = 2147483647;
			files = (
			);
			inputPaths = (
			);
			name = "[CP] Embed Pods Frameworks";
			outputPaths = (
			);
			runOnlyForDeploymentPostprocessing = 0;
			shellPath = /bin/sh;
			shellScript = "\"${SRCROOT}/Pods/Target Support Files/Pods-Clicker/Pods-Clicker-frameworks.sh\"\n";
			showEnvVarsInLog = 0;
		};
		B866120780A36A3FB028A380 /* [CP] Check Pods Manifest.lock */ = {
			isa = PBXShellScriptBuildPhase;
			buildActionMask = 2147483647;
			files = (
			);
			inputPaths = (
			);
			name = "[CP] Check Pods Manifest.lock";
			outputPaths = (
			);
			runOnlyForDeploymentPostprocessing = 0;
			shellPath = /bin/sh;
			shellScript = "diff \"${PODS_ROOT}/../Podfile.lock\" \"${PODS_ROOT}/Manifest.lock\" > /dev/null\nif [ $? != 0 ] ; then\n    # print error to STDERR\n    echo \"error: The sandbox is not in sync with the Podfile.lock. Run 'pod install' or update your CocoaPods installation.\" >&2\n    exit 1\nfi\n";
			showEnvVarsInLog = 0;
		};
/* End PBXShellScriptBuildPhase section */

/* Begin PBXSourcesBuildPhase section */
		65D670C51E50EB8E00118CBA /* Sources */ = {
			isa = PBXSourcesBuildPhase;
			buildActionMask = 2147483647;
			files = (
				65D670CF1E50EB8F00118CBA /* ViewController.swift in Sources */,
				F0665F8B1E70C4B3004092D9 /* User.swift in Sources */,
				65D670CD1E50EB8F00118CBA /* AppDelegate.swift in Sources */,
				F0665F8D1E70C4EB004092D9 /* Course.swift in Sources */,
				F0E9158F1E6C9781001EE4B4 /* NetworkAPI.swift in Sources */,
				F0665F8F1E70C57C004092D9 /* Question.swift in Sources */,
				F0665F8A1E70C4B3004092D9 /* Lecture.swift in Sources */,
			);
			runOnlyForDeploymentPostprocessing = 0;
		};
/* End PBXSourcesBuildPhase section */

/* Begin PBXVariantGroup section */
		65D670D51E50EB8F00118CBA /* LaunchScreen.storyboard */ = {
			isa = PBXVariantGroup;
			children = (
				65D670D61E50EB8F00118CBA /* Base */,
			);
			name = LaunchScreen.storyboard;
			sourceTree = "<group>";
		};
/* End PBXVariantGroup section */

/* Begin XCBuildConfiguration section */
		65D670D91E50EB8F00118CBA /* Debug */ = {
			isa = XCBuildConfiguration;
			buildSettings = {
				ALWAYS_SEARCH_USER_PATHS = NO;
				CLANG_ANALYZER_NONNULL = YES;
				CLANG_CXX_LANGUAGE_STANDARD = "gnu++0x";
				CLANG_CXX_LIBRARY = "libc++";
				CLANG_ENABLE_MODULES = YES;
				CLANG_ENABLE_OBJC_ARC = YES;
				CLANG_WARN_BOOL_CONVERSION = YES;
				CLANG_WARN_CONSTANT_CONVERSION = YES;
				CLANG_WARN_DIRECT_OBJC_ISA_USAGE = YES_ERROR;
				CLANG_WARN_DOCUMENTATION_COMMENTS = YES;
				CLANG_WARN_EMPTY_BODY = YES;
				CLANG_WARN_ENUM_CONVERSION = YES;
				CLANG_WARN_INFINITE_RECURSION = YES;
				CLANG_WARN_INT_CONVERSION = YES;
				CLANG_WARN_OBJC_ROOT_CLASS = YES_ERROR;
				CLANG_WARN_SUSPICIOUS_MOVE = YES;
				CLANG_WARN_UNREACHABLE_CODE = YES;
				CLANG_WARN__DUPLICATE_METHOD_MATCH = YES;
				"CODE_SIGN_IDENTITY[sdk=iphoneos*]" = "iPhone Developer";
				COPY_PHASE_STRIP = NO;
				DEBUG_INFORMATION_FORMAT = dwarf;
				ENABLE_STRICT_OBJC_MSGSEND = YES;
				ENABLE_TESTABILITY = YES;
				GCC_C_LANGUAGE_STANDARD = gnu99;
				GCC_DYNAMIC_NO_PIC = NO;
				GCC_NO_COMMON_BLOCKS = YES;
				GCC_OPTIMIZATION_LEVEL = 0;
				GCC_PREPROCESSOR_DEFINITIONS = (
					"DEBUG=1",
					"$(inherited)",
				);
				GCC_WARN_64_TO_32_BIT_CONVERSION = YES;
				GCC_WARN_ABOUT_RETURN_TYPE = YES_ERROR;
				GCC_WARN_UNDECLARED_SELECTOR = YES;
				GCC_WARN_UNINITIALIZED_AUTOS = YES_AGGRESSIVE;
				GCC_WARN_UNUSED_FUNCTION = YES;
				GCC_WARN_UNUSED_VARIABLE = YES;
				IPHONEOS_DEPLOYMENT_TARGET = 10.2;
				MTL_ENABLE_DEBUG_INFO = YES;
				ONLY_ACTIVE_ARCH = YES;
				SDKROOT = iphoneos;
				SWIFT_ACTIVE_COMPILATION_CONDITIONS = DEBUG;
				SWIFT_OPTIMIZATION_LEVEL = "-Onone";
			};
			name = Debug;
		};
		65D670DA1E50EB8F00118CBA /* Release */ = {
			isa = XCBuildConfiguration;
			buildSettings = {
				ALWAYS_SEARCH_USER_PATHS = NO;
				CLANG_ANALYZER_NONNULL = YES;
				CLANG_CXX_LANGUAGE_STANDARD = "gnu++0x";
				CLANG_CXX_LIBRARY = "libc++";
				CLANG_ENABLE_MODULES = YES;
				CLANG_ENABLE_OBJC_ARC = YES;
				CLANG_WARN_BOOL_CONVERSION = YES;
				CLANG_WARN_CONSTANT_CONVERSION = YES;
				CLANG_WARN_DIRECT_OBJC_ISA_USAGE = YES_ERROR;
				CLANG_WARN_DOCUMENTATION_COMMENTS = YES;
				CLANG_WARN_EMPTY_BODY = YES;
				CLANG_WARN_ENUM_CONVERSION = YES;
				CLANG_WARN_INFINITE_RECURSION = YES;
				CLANG_WARN_INT_CONVERSION = YES;
				CLANG_WARN_OBJC_ROOT_CLASS = YES_ERROR;
				CLANG_WARN_SUSPICIOUS_MOVE = YES;
				CLANG_WARN_UNREACHABLE_CODE = YES;
				CLANG_WARN__DUPLICATE_METHOD_MATCH = YES;
				"CODE_SIGN_IDENTITY[sdk=iphoneos*]" = "iPhone Developer";
				COPY_PHASE_STRIP = NO;
				DEBUG_INFORMATION_FORMAT = "dwarf-with-dsym";
				ENABLE_NS_ASSERTIONS = NO;
				ENABLE_STRICT_OBJC_MSGSEND = YES;
				GCC_C_LANGUAGE_STANDARD = gnu99;
				GCC_NO_COMMON_BLOCKS = YES;
				GCC_WARN_64_TO_32_BIT_CONVERSION = YES;
				GCC_WARN_ABOUT_RETURN_TYPE = YES_ERROR;
				GCC_WARN_UNDECLARED_SELECTOR = YES;
				GCC_WARN_UNINITIALIZED_AUTOS = YES_AGGRESSIVE;
				GCC_WARN_UNUSED_FUNCTION = YES;
				GCC_WARN_UNUSED_VARIABLE = YES;
				IPHONEOS_DEPLOYMENT_TARGET = 10.2;
				MTL_ENABLE_DEBUG_INFO = NO;
				SDKROOT = iphoneos;
				SWIFT_OPTIMIZATION_LEVEL = "-Owholemodule";
				VALIDATE_PRODUCT = YES;
			};
			name = Release;
		};
		65D670DC1E50EB8F00118CBA /* Debug */ = {
			isa = XCBuildConfiguration;
			baseConfigurationReference = 1C943BCC9F16D78287F58B2C /* Pods-Clicker.debug.xcconfig */;
			buildSettings = {
				ASSETCATALOG_COMPILER_APPICON_NAME = AppIcon;
				CLANG_ENABLE_MODULES = YES;
				DEVELOPMENT_TEAM = ZGMCXU7X3U;
				INFOPLIST_FILE = Clicker/Info.plist;
				LD_RUNPATH_SEARCH_PATHS = "$(inherited) @executable_path/Frameworks";
				PRODUCT_BUNDLE_IDENTIFIER = org.cuappdev.Clicker;
				PRODUCT_NAME = "$(TARGET_NAME)";
				SWIFT_OBJC_BRIDGING_HEADER = "Clicker/Clicker-Bridging-Header.h";
				SWIFT_OPTIMIZATION_LEVEL = "-Onone";
				SWIFT_VERSION = 3.0;
			};
			name = Debug;
		};
		65D670DD1E50EB8F00118CBA /* Release */ = {
			isa = XCBuildConfiguration;
			baseConfigurationReference = 3216299DD6D1EF2A0CE980B6 /* Pods-Clicker.release.xcconfig */;
			buildSettings = {
				ASSETCATALOG_COMPILER_APPICON_NAME = AppIcon;
				CLANG_ENABLE_MODULES = YES;
				DEVELOPMENT_TEAM = ZGMCXU7X3U;
				INFOPLIST_FILE = Clicker/Info.plist;
				LD_RUNPATH_SEARCH_PATHS = "$(inherited) @executable_path/Frameworks";
				PRODUCT_BUNDLE_IDENTIFIER = org.cuappdev.Clicker;
				PRODUCT_NAME = "$(TARGET_NAME)";
				SWIFT_OBJC_BRIDGING_HEADER = "Clicker/Clicker-Bridging-Header.h";
				SWIFT_VERSION = 3.0;
			};
			name = Release;
		};
/* End XCBuildConfiguration section */

/* Begin XCConfigurationList section */
		65D670C41E50EB8E00118CBA /* Build configuration list for PBXProject "Clicker" */ = {
			isa = XCConfigurationList;
			buildConfigurations = (
				65D670D91E50EB8F00118CBA /* Debug */,
				65D670DA1E50EB8F00118CBA /* Release */,
			);
			defaultConfigurationIsVisible = 0;
			defaultConfigurationName = Release;
		};
		65D670DB1E50EB8F00118CBA /* Build configuration list for PBXNativeTarget "Clicker" */ = {
			isa = XCConfigurationList;
			buildConfigurations = (
				65D670DC1E50EB8F00118CBA /* Debug */,
				65D670DD1E50EB8F00118CBA /* Release */,
			);
			defaultConfigurationIsVisible = 0;
			defaultConfigurationName = Release;
		};
/* End XCConfigurationList section */
	};
	rootObject = 65D670C11E50EB8E00118CBA /* Project object */;
}
